PODS:
  - Base64 (1.0.1)
  - libsodium (1.0.3)
  - MBProgressHUD (0.9.1)
  - OpenSSL (1.0.204)
  - ReactiveCocoa (2.5):
    - ReactiveCocoa/UI (= 2.5)
  - ReactiveCocoa/Core (2.5):
    - ReactiveCocoa/no-arc
  - ReactiveCocoa/no-arc (2.5)
  - ReactiveCocoa/UI (2.5):
    - ReactiveCocoa/Core

DEPENDENCIES:
  - Base64 (~> 1.0)
  - libsodium (< 2.0)
  - MBProgressHUD (~> 0.9.1)
  - OpenSSL (~> 1.0)
  - ReactiveCocoa (< 3.0)

SPEC CHECKSUMS:
  Base64: 4924bf3ca6fa559a5161ef717291bd450eb7bd1a
  libsodium: be547e31dc75725629acc5717dc0a40fc05ef243
  MBProgressHUD: c47f2c166c126cf2ce36498d80f33e754d4e93ad
  OpenSSL: 576b352e6e6e60793ca133c6785736e3cbc31a09
  ReactiveCocoa: e2db045570aa97c695e7aa97c2bcab222ae51f4a

COCOAPODS: 0.36.3
