// !$*UTF8*$!
{
	archiveVersion = 1;
	classes = {
	};
	objectVersion = 46;
	objects = {

/* Begin PBXBuildFile section */
		29E55CBAC52ED55E37922E57 /* libPods.a in Frameworks */ = {isa = PBXBuildFile; fileRef = F68D602F74D33DC7D38BAA36 /* libPods.a */; };
		7C2AF2AA1A72AD1500B48192 /* Model.xcdatamodeld in Sources */ = {isa = PBXBuildFile; fileRef = 7C2AF2A81A72AD1500B48192 /* Model.xcdatamodeld */; };
		7C2AF2B31A72B45C00B48192 /* Identity.swift in Sources */ = {isa = PBXBuildFile; fileRef = 7C2AF2B21A72B45C00B48192 /* Identity.swift */; };
		7C2AF2B51A72B4D300B48192 /* IdentityCreator.swift in Sources */ = {isa = PBXBuildFile; fileRef = 7C2AF2B41A72B4D300B48192 /* IdentityCreator.swift */; };
		7C2B901D1A28035E009F0589 /* CoreMotionSingleton.swift in Sources */ = {isa = PBXBuildFile; fileRef = 7C2B901C1A28035E009F0589 /* CoreMotionSingleton.swift */; };
		7C2B90231A2806E2009F0589 /* CoreMotionSingletonTests.swift in Sources */ = {isa = PBXBuildFile; fileRef = 7C2B90221A2806E2009F0589 /* CoreMotionSingletonTests.swift */; };
		7C2B90241A280760009F0589 /* CoreMotionSingleton.swift in Sources */ = {isa = PBXBuildFile; fileRef = 7C2B901C1A28035E009F0589 /* CoreMotionSingleton.swift */; };
		7C2B90261A280B05009F0589 /* GyroHarvester.swift in Sources */ = {isa = PBXBuildFile; fileRef = 7C2B90251A280B05009F0589 /* GyroHarvester.swift */; };
		7C2B90281A280B84009F0589 /* AccelerometerHarvester.swift in Sources */ = {isa = PBXBuildFile; fileRef = 7C2B90271A280B84009F0589 /* AccelerometerHarvester.swift */; };
		7C2B902A1A281DD0009F0589 /* NSDataFromMultipleObjects.swift in Sources */ = {isa = PBXBuildFile; fileRef = 7C2B90291A281DD0009F0589 /* NSDataFromMultipleObjects.swift */; };
		7C2B902C1A2829A3009F0589 /* NSOperationQueueSafeSetGet.swift in Sources */ = {isa = PBXBuildFile; fileRef = 7C2B902B1A2829A3009F0589 /* NSOperationQueueSafeSetGet.swift */; };
		7C2B902E1A282BA5009F0589 /* NSOperationQueueHelper.swift in Sources */ = {isa = PBXBuildFile; fileRef = 7C2B902D1A282BA5009F0589 /* NSOperationQueueHelper.swift */; };
		7C2B90301A2832DE009F0589 /* EntropyMachine.swift in Sources */ = {isa = PBXBuildFile; fileRef = 7C2B902F1A2832DE009F0589 /* EntropyMachine.swift */; };
		7C49EB391A1146A500023BE0 /* Storyboard.storyboard in Resources */ = {isa = PBXBuildFile; fileRef = 7C49EB381A1146A500023BE0 /* Storyboard.storyboard */; };
		7C5C1E3C1A755837009B92F7 /* QRScannerViewController.swift in Sources */ = {isa = PBXBuildFile; fileRef = 7C5C1E3B1A755837009B92F7 /* QRScannerViewController.swift */; };
		7C5C1E3E1A7558C9009B92F7 /* AuthenticationViewController.swift in Sources */ = {isa = PBXBuildFile; fileRef = 7C5C1E3D1A7558C9009B92F7 /* AuthenticationViewController.swift */; };
		7C5C1E401A755C52009B92F7 /* IdentitySelectorViewController.swift in Sources */ = {isa = PBXBuildFile; fileRef = 7C5C1E3F1A755C52009B92F7 /* IdentitySelectorViewController.swift */; };
		7C5C1E451A75AA93009B92F7 /* IdentityHolderProtocol.swift in Sources */ = {isa = PBXBuildFile; fileRef = 7C5C1E441A75AA93009B92F7 /* IdentityHolderProtocol.swift */; };
		7C5C1E471A75D511009B92F7 /* ScryptTests.swift in Sources */ = {isa = PBXBuildFile; fileRef = 7C5C1E461A75D511009B92F7 /* ScryptTests.swift */; };
		7C6535E81A29505A00ABA772 /* GyroHarvesterTests.swift in Sources */ = {isa = PBXBuildFile; fileRef = 7C6535E71A29505A00ABA772 /* GyroHarvesterTests.swift */; };
		7C7A5D081A76F2500062515A /* EnScryptTests.swift in Sources */ = {isa = PBXBuildFile; fileRef = 7C7A5D071A76F2500062515A /* EnScryptTests.swift */; };
		7C87AAA21A28343400DC3EC7 /* EntropyMachine.swift in Sources */ = {isa = PBXBuildFile; fileRef = 7C2B902F1A2832DE009F0589 /* EntropyMachine.swift */; };
		7C87AAA31A28345000DC3EC7 /* NSOperationQueueHelper.swift in Sources */ = {isa = PBXBuildFile; fileRef = 7C2B902D1A282BA5009F0589 /* NSOperationQueueHelper.swift */; };
		7C87AAA41A28346F00DC3EC7 /* NSOperationQueueSafeSetGet.swift in Sources */ = {isa = PBXBuildFile; fileRef = 7C2B902B1A2829A3009F0589 /* NSOperationQueueSafeSetGet.swift */; };
		7C87AAA51A28347200DC3EC7 /* NSDataFromMultipleObjects.swift in Sources */ = {isa = PBXBuildFile; fileRef = 7C2B90291A281DD0009F0589 /* NSDataFromMultipleObjects.swift */; };
		7C87AAA61A28347F00DC3EC7 /* GyroHarvester.swift in Sources */ = {isa = PBXBuildFile; fileRef = 7C2B90251A280B05009F0589 /* GyroHarvester.swift */; };
		7C87AAA71A28348200DC3EC7 /* AccelerometerHarvester.swift in Sources */ = {isa = PBXBuildFile; fileRef = 7C2B90271A280B84009F0589 /* AccelerometerHarvester.swift */; };
		7C87AAA91A2834ED00DC3EC7 /* EntropyHarvester.swift in Sources */ = {isa = PBXBuildFile; fileRef = 7C87AAA81A2834ED00DC3EC7 /* EntropyHarvester.swift */; };
		7C87AAAA1A2834F700DC3EC7 /* EntropyHarvester.swift in Sources */ = {isa = PBXBuildFile; fileRef = 7C87AAA81A2834ED00DC3EC7 /* EntropyHarvester.swift */; };
		7C881DA41A76E14F0017B785 /* Ed25519.swift in Sources */ = {isa = PBXBuildFile; fileRef = 7C881DA31A76E14F0017B785 /* Ed25519.swift */; };
		7C881DA61A76E1880017B785 /* HmacSha256.swift in Sources */ = {isa = PBXBuildFile; fileRef = 7C881DA51A76E1880017B785 /* HmacSha256.swift */; };
		7C881DA81A76E1B00017B785 /* Sha512.swift in Sources */ = {isa = PBXBuildFile; fileRef = 7C881DA71A76E1B00017B785 /* Sha512.swift */; };
		7C881DAA1A76E1E60017B785 /* SodiumUtilities.swift in Sources */ = {isa = PBXBuildFile; fileRef = 7C881DA91A76E1E60017B785 /* SodiumUtilities.swift */; };
		7C881DAC1A76E20B0017B785 /* Scrypt.swift in Sources */ = {isa = PBXBuildFile; fileRef = 7C881DAB1A76E20B0017B785 /* Scrypt.swift */; };
		7C881DAE1A76E22D0017B785 /* EnScrypt.swift in Sources */ = {isa = PBXBuildFile; fileRef = 7C881DAD1A76E22D0017B785 /* EnScrypt.swift */; };
		7C881DAF1A76E2CE0017B785 /* EnScrypt.swift in Sources */ = {isa = PBXBuildFile; fileRef = 7C881DAD1A76E22D0017B785 /* EnScrypt.swift */; };
		7C881DB01A76E2D20017B785 /* SodiumUtilities.swift in Sources */ = {isa = PBXBuildFile; fileRef = 7C881DA91A76E1E60017B785 /* SodiumUtilities.swift */; };
		7C881DB11A76E2D20017B785 /* Ed25519.swift in Sources */ = {isa = PBXBuildFile; fileRef = 7C881DA31A76E14F0017B785 /* Ed25519.swift */; };
		7C881DB21A76E2D20017B785 /* HmacSha256.swift in Sources */ = {isa = PBXBuildFile; fileRef = 7C881DA51A76E1880017B785 /* HmacSha256.swift */; };
		7C881DB31A76E2D20017B785 /* Sha512.swift in Sources */ = {isa = PBXBuildFile; fileRef = 7C881DA71A76E1B00017B785 /* Sha512.swift */; };
		7C881DB41A76E2D20017B785 /* Scrypt.swift in Sources */ = {isa = PBXBuildFile; fileRef = 7C881DAB1A76E20B0017B785 /* Scrypt.swift */; };
		7CA20BBE1A72DA290021B631 /* NSManagedObjectHelper.swift in Sources */ = {isa = PBXBuildFile; fileRef = 7CA20BBD1A72DA290021B631 /* NSManagedObjectHelper.swift */; };
		7CA20BC01A72E1580021B631 /* Stash.swift in Sources */ = {isa = PBXBuildFile; fileRef = 7CA20BBF1A72E1580021B631 /* Stash.swift */; };
		7CA20BC31A73ED830021B631 /* IdentityGenerationViewController.swift in Sources */ = {isa = PBXBuildFile; fileRef = 7CA20BC21A73ED830021B631 /* IdentityGenerationViewController.swift */; };
		7CA20BC51A742E100021B631 /* RescueCodeViewController.swift in Sources */ = {isa = PBXBuildFile; fileRef = 7CA20BC41A742E100021B631 /* RescueCodeViewController.swift */; };
		7CA20BCB1A7436B60021B631 /* StashSingletonTests.swift in Sources */ = {isa = PBXBuildFile; fileRef = 7CA20BCA1A7436B60021B631 /* StashSingletonTests.swift */; };
		7CA20BCC1A7436ED0021B631 /* Stash.swift in Sources */ = {isa = PBXBuildFile; fileRef = 7CA20BBF1A72E1580021B631 /* Stash.swift */; };
		7CA20BD41A7448130021B631 /* EntropyMachineTests.swift in Sources */ = {isa = PBXBuildFile; fileRef = 7CA20BD31A7448130021B631 /* EntropyMachineTests.swift */; };
		7CA595191A297EE60047015A /* AccelerometerHarvesterTests.swift in Sources */ = {isa = PBXBuildFile; fileRef = 7CA595181A297EE60047015A /* AccelerometerHarvesterTests.swift */; };
		7CCCFB8A19685D9200DF3442 /* AppDelegate.swift in Sources */ = {isa = PBXBuildFile; fileRef = 7CCCFB8919685D9200DF3442 /* AppDelegate.swift */; };
		7CCCFB8C19685D9200DF3442 /* Images.xcassets in Resources */ = {isa = PBXBuildFile; fileRef = 7CCCFB8B19685D9200DF3442 /* Images.xcassets */; };
		AA32FAA578F2246C685C15C5 /* libPods.a in Frameworks */ = {isa = PBXBuildFile; fileRef = F68D602F74D33DC7D38BAA36 /* libPods.a */; };
/* End PBXBuildFile section */

/* Begin PBXContainerItemProxy section */
		7CCCFB9219685D9200DF3442 /* PBXContainerItemProxy */ = {
			isa = PBXContainerItemProxy;
			containerPortal = 7CCCFB7C19685D9200DF3442 /* Project object */;
			proxyType = 1;
			remoteGlobalIDString = 7CCCFB8319685D9200DF3442;
			remoteInfo = stash;
		};
/* End PBXContainerItemProxy section */

/* Begin PBXFileReference section */
		7B0CFA08E5E4B2C2AAFB0FA7 /* Pods.debug.xcconfig */ = {isa = PBXFileReference; includeInIndex = 1; lastKnownFileType = text.xcconfig; name = Pods.debug.xcconfig; path = "Pods/Target Support Files/Pods/Pods.debug.xcconfig"; sourceTree = "<group>"; };
		7C2AF2A91A72AD1500B48192 /* Model.xcdatamodel */ = {isa = PBXFileReference; lastKnownFileType = wrapper.xcdatamodel; path = Model.xcdatamodel; sourceTree = "<group>"; };
		7C2AF2B21A72B45C00B48192 /* Identity.swift */ = {isa = PBXFileReference; fileEncoding = 4; lastKnownFileType = sourcecode.swift; path = Identity.swift; sourceTree = "<group>"; };
		7C2AF2B41A72B4D300B48192 /* IdentityCreator.swift */ = {isa = PBXFileReference; fileEncoding = 4; lastKnownFileType = sourcecode.swift; path = IdentityCreator.swift; sourceTree = "<group>"; };
		7C2B901C1A28035E009F0589 /* CoreMotionSingleton.swift */ = {isa = PBXFileReference; fileEncoding = 4; lastKnownFileType = sourcecode.swift; path = CoreMotionSingleton.swift; sourceTree = "<group>"; };
		7C2B90221A2806E2009F0589 /* CoreMotionSingletonTests.swift */ = {isa = PBXFileReference; fileEncoding = 4; lastKnownFileType = sourcecode.swift; path = CoreMotionSingletonTests.swift; sourceTree = "<group>"; };
		7C2B90251A280B05009F0589 /* GyroHarvester.swift */ = {isa = PBXFileReference; fileEncoding = 4; lastKnownFileType = sourcecode.swift; path = GyroHarvester.swift; sourceTree = "<group>"; };
		7C2B90271A280B84009F0589 /* AccelerometerHarvester.swift */ = {isa = PBXFileReference; fileEncoding = 4; lastKnownFileType = sourcecode.swift; path = AccelerometerHarvester.swift; sourceTree = "<group>"; };
		7C2B90291A281DD0009F0589 /* NSDataFromMultipleObjects.swift */ = {isa = PBXFileReference; fileEncoding = 4; lastKnownFileType = sourcecode.swift; path = NSDataFromMultipleObjects.swift; sourceTree = "<group>"; };
		7C2B902B1A2829A3009F0589 /* NSOperationQueueSafeSetGet.swift */ = {isa = PBXFileReference; fileEncoding = 4; lastKnownFileType = sourcecode.swift; path = NSOperationQueueSafeSetGet.swift; sourceTree = "<group>"; };
		7C2B902D1A282BA5009F0589 /* NSOperationQueueHelper.swift */ = {isa = PBXFileReference; fileEncoding = 4; lastKnownFileType = sourcecode.swift; path = NSOperationQueueHelper.swift; sourceTree = "<group>"; };
		7C2B902F1A2832DE009F0589 /* EntropyMachine.swift */ = {isa = PBXFileReference; fileEncoding = 4; lastKnownFileType = sourcecode.swift; path = EntropyMachine.swift; sourceTree = "<group>"; };
		7C49EB381A1146A500023BE0 /* Storyboard.storyboard */ = {isa = PBXFileReference; fileEncoding = 4; lastKnownFileType = file.storyboard; path = Storyboard.storyboard; sourceTree = "<group>"; };
		7C5C1E3B1A755837009B92F7 /* QRScannerViewController.swift */ = {isa = PBXFileReference; fileEncoding = 4; lastKnownFileType = sourcecode.swift; path = QRScannerViewController.swift; sourceTree = "<group>"; };
		7C5C1E3D1A7558C9009B92F7 /* AuthenticationViewController.swift */ = {isa = PBXFileReference; fileEncoding = 4; lastKnownFileType = sourcecode.swift; path = AuthenticationViewController.swift; sourceTree = "<group>"; };
		7C5C1E3F1A755C52009B92F7 /* IdentitySelectorViewController.swift */ = {isa = PBXFileReference; fileEncoding = 4; lastKnownFileType = sourcecode.swift; path = IdentitySelectorViewController.swift; sourceTree = "<group>"; };
		7C5C1E441A75AA93009B92F7 /* IdentityHolderProtocol.swift */ = {isa = PBXFileReference; fileEncoding = 4; lastKnownFileType = sourcecode.swift; path = IdentityHolderProtocol.swift; sourceTree = "<group>"; };
		7C5C1E461A75D511009B92F7 /* ScryptTests.swift */ = {isa = PBXFileReference; fileEncoding = 4; lastKnownFileType = sourcecode.swift; path = ScryptTests.swift; sourceTree = "<group>"; };
		7C6535E71A29505A00ABA772 /* GyroHarvesterTests.swift */ = {isa = PBXFileReference; fileEncoding = 4; lastKnownFileType = sourcecode.swift; path = GyroHarvesterTests.swift; sourceTree = "<group>"; };
		7C7A5D071A76F2500062515A /* EnScryptTests.swift */ = {isa = PBXFileReference; fileEncoding = 4; lastKnownFileType = sourcecode.swift; path = EnScryptTests.swift; sourceTree = "<group>"; };
		7C87AAA81A2834ED00DC3EC7 /* EntropyHarvester.swift */ = {isa = PBXFileReference; fileEncoding = 4; lastKnownFileType = sourcecode.swift; path = EntropyHarvester.swift; sourceTree = "<group>"; };
		7C881DA31A76E14F0017B785 /* Ed25519.swift */ = {isa = PBXFileReference; fileEncoding = 4; lastKnownFileType = sourcecode.swift; path = Ed25519.swift; sourceTree = "<group>"; };
		7C881DA51A76E1880017B785 /* HmacSha256.swift */ = {isa = PBXFileReference; fileEncoding = 4; lastKnownFileType = sourcecode.swift; path = HmacSha256.swift; sourceTree = "<group>"; };
		7C881DA71A76E1B00017B785 /* Sha512.swift */ = {isa = PBXFileReference; fileEncoding = 4; lastKnownFileType = sourcecode.swift; path = Sha512.swift; sourceTree = "<group>"; };
		7C881DA91A76E1E60017B785 /* SodiumUtilities.swift */ = {isa = PBXFileReference; fileEncoding = 4; lastKnownFileType = sourcecode.swift; path = SodiumUtilities.swift; sourceTree = "<group>"; };
		7C881DAB1A76E20B0017B785 /* Scrypt.swift */ = {isa = PBXFileReference; fileEncoding = 4; lastKnownFileType = sourcecode.swift; path = Scrypt.swift; sourceTree = "<group>"; };
		7C881DAD1A76E22D0017B785 /* EnScrypt.swift */ = {isa = PBXFileReference; fileEncoding = 4; lastKnownFileType = sourcecode.swift; path = EnScrypt.swift; sourceTree = "<group>"; };
		7CA20BBD1A72DA290021B631 /* NSManagedObjectHelper.swift */ = {isa = PBXFileReference; fileEncoding = 4; lastKnownFileType = sourcecode.swift; path = NSManagedObjectHelper.swift; sourceTree = "<group>"; };
		7CA20BBF1A72E1580021B631 /* Stash.swift */ = {isa = PBXFileReference; fileEncoding = 4; lastKnownFileType = sourcecode.swift; path = Stash.swift; sourceTree = "<group>"; };
		7CA20BC21A73ED830021B631 /* IdentityGenerationViewController.swift */ = {isa = PBXFileReference; fileEncoding = 4; lastKnownFileType = sourcecode.swift; path = IdentityGenerationViewController.swift; sourceTree = "<group>"; };
		7CA20BC41A742E100021B631 /* RescueCodeViewController.swift */ = {isa = PBXFileReference; fileEncoding = 4; lastKnownFileType = sourcecode.swift; path = RescueCodeViewController.swift; sourceTree = "<group>"; };
		7CA20BCA1A7436B60021B631 /* StashSingletonTests.swift */ = {isa = PBXFileReference; fileEncoding = 4; lastKnownFileType = sourcecode.swift; path = StashSingletonTests.swift; sourceTree = "<group>"; };
		7CA20BD31A7448130021B631 /* EntropyMachineTests.swift */ = {isa = PBXFileReference; fileEncoding = 4; lastKnownFileType = sourcecode.swift; path = EntropyMachineTests.swift; sourceTree = "<group>"; };
		7CA595181A297EE60047015A /* AccelerometerHarvesterTests.swift */ = {isa = PBXFileReference; fileEncoding = 4; lastKnownFileType = sourcecode.swift; path = AccelerometerHarvesterTests.swift; sourceTree = "<group>"; };
		7CCCFB8419685D9200DF3442 /* stash.app */ = {isa = PBXFileReference; explicitFileType = wrapper.application; includeInIndex = 0; path = stash.app; sourceTree = BUILT_PRODUCTS_DIR; };
		7CCCFB8819685D9200DF3442 /* Info.plist */ = {isa = PBXFileReference; lastKnownFileType = text.plist.xml; path = Info.plist; sourceTree = "<group>"; };
		7CCCFB8919685D9200DF3442 /* AppDelegate.swift */ = {isa = PBXFileReference; lastKnownFileType = sourcecode.swift; path = AppDelegate.swift; sourceTree = "<group>"; };
		7CCCFB8B19685D9200DF3442 /* Images.xcassets */ = {isa = PBXFileReference; lastKnownFileType = folder.assetcatalog; path = Images.xcassets; sourceTree = "<group>"; };
		7CCCFB9119685D9200DF3442 /* stashTests.xctest */ = {isa = PBXFileReference; explicitFileType = wrapper.cfbundle; includeInIndex = 0; path = stashTests.xctest; sourceTree = BUILT_PRODUCTS_DIR; };
		7CCCFB9619685D9200DF3442 /* Info.plist */ = {isa = PBXFileReference; lastKnownFileType = text.plist.xml; path = Info.plist; sourceTree = "<group>"; };
		7CF02F9F1A0BB3C600C88B32 /* stash-bridging-header.h */ = {isa = PBXFileReference; lastKnownFileType = sourcecode.c.h; path = "stash-bridging-header.h"; sourceTree = "<group>"; };
		E74BAC5D4020597919028F4D /* Pods.release.xcconfig */ = {isa = PBXFileReference; includeInIndex = 1; lastKnownFileType = text.xcconfig; name = Pods.release.xcconfig; path = "Pods/Target Support Files/Pods/Pods.release.xcconfig"; sourceTree = "<group>"; };
		F68D602F74D33DC7D38BAA36 /* libPods.a */ = {isa = PBXFileReference; explicitFileType = archive.ar; includeInIndex = 0; path = libPods.a; sourceTree = BUILT_PRODUCTS_DIR; };
/* End PBXFileReference section */

/* Begin PBXFrameworksBuildPhase section */
		7CCCFB8119685D9200DF3442 /* Frameworks */ = {
			isa = PBXFrameworksBuildPhase;
			buildActionMask = 2147483647;
			files = (
				29E55CBAC52ED55E37922E57 /* libPods.a in Frameworks */,
			);
			runOnlyForDeploymentPostprocessing = 0;
		};
		7CCCFB8E19685D9200DF3442 /* Frameworks */ = {
			isa = PBXFrameworksBuildPhase;
			buildActionMask = 2147483647;
			files = (
				AA32FAA578F2246C685C15C5 /* libPods.a in Frameworks */,
			);
			runOnlyForDeploymentPostprocessing = 0;
		};
/* End PBXFrameworksBuildPhase section */

/* Begin PBXGroup section */
		7C2AF2AB1A72ADAA00B48192 /* Model */ = {
			isa = PBXGroup;
			children = (
				7C2AF2A81A72AD1500B48192 /* Model.xcdatamodeld */,
				7CA20BBD1A72DA290021B631 /* NSManagedObjectHelper.swift */,
				7C2AF2B21A72B45C00B48192 /* Identity.swift */,
				7C2AF2B41A72B4D300B48192 /* IdentityCreator.swift */,
				7C5C1E441A75AA93009B92F7 /* IdentityHolderProtocol.swift */,
			);
			name = Model;
			sourceTree = "<group>";
		};
		7C2AF2AC1A72ADB800B48192 /* Views */ = {
			isa = PBXGroup;
			children = (
				7C49EB381A1146A500023BE0 /* Storyboard.storyboard */,
			);
			name = Views;
			sourceTree = "<group>";
		};
		7C2B901F1A2805F8009F0589 /* Utilities */ = {
			isa = PBXGroup;
			children = (
				7C881DA21A76E0FB0017B785 /* Crypto */,
				7C2B90211A280633009F0589 /* Extentions */,
				7C2B90201A280618009F0589 /* Entropy Havesting */,
			);
			name = Utilities;
			sourceTree = "<group>";
		};
		7C2B90201A280618009F0589 /* Entropy Havesting */ = {
			isa = PBXGroup;
			children = (
				7C2B902F1A2832DE009F0589 /* EntropyMachine.swift */,
				7C87AAA81A2834ED00DC3EC7 /* EntropyHarvester.swift */,
				7C2B90251A280B05009F0589 /* GyroHarvester.swift */,
				7C2B90271A280B84009F0589 /* AccelerometerHarvester.swift */,
			);
			name = "Entropy Havesting";
			sourceTree = "<group>";
		};
		7C2B90211A280633009F0589 /* Extentions */ = {
			isa = PBXGroup;
			children = (
				7C2B901C1A28035E009F0589 /* CoreMotionSingleton.swift */,
				7C2B90291A281DD0009F0589 /* NSDataFromMultipleObjects.swift */,
				7C2B902B1A2829A3009F0589 /* NSOperationQueueSafeSetGet.swift */,
				7C2B902D1A282BA5009F0589 /* NSOperationQueueHelper.swift */,
			);
			name = Extentions;
			sourceTree = "<group>";
		};
		7C881DA21A76E0FB0017B785 /* Crypto */ = {
			isa = PBXGroup;
			children = (
				7C881DA91A76E1E60017B785 /* SodiumUtilities.swift */,
				7C881DA31A76E14F0017B785 /* Ed25519.swift */,
				7C881DA51A76E1880017B785 /* HmacSha256.swift */,
				7C881DA71A76E1B00017B785 /* Sha512.swift */,
				7C881DAB1A76E20B0017B785 /* Scrypt.swift */,
				7C881DAD1A76E22D0017B785 /* EnScrypt.swift */,
			);
			name = Crypto;
			sourceTree = "<group>";
		};
		7CA20BC11A73ED380021B631 /* Controllers */ = {
			isa = PBXGroup;
			children = (
				7C5C1E3D1A7558C9009B92F7 /* AuthenticationViewController.swift */,
				7C5C1E3B1A755837009B92F7 /* QRScannerViewController.swift */,
				7C5C1E3F1A755C52009B92F7 /* IdentitySelectorViewController.swift */,
				7CA20BC61A742E180021B631 /* Identity Creation */,
			);
			name = Controllers;
			sourceTree = "<group>";
		};
		7CA20BC61A742E180021B631 /* Identity Creation */ = {
			isa = PBXGroup;
			children = (
				7CA20BC21A73ED830021B631 /* IdentityGenerationViewController.swift */,
				7CA20BC41A742E100021B631 /* RescueCodeViewController.swift */,
			);
			name = "Identity Creation";
			sourceTree = "<group>";
		};
		7CCCFB7B19685D9200DF3442 = {
			isa = PBXGroup;
			children = (
				7CCCFB8619685D9200DF3442 /* stash */,
				7CCCFB9419685D9200DF3442 /* stashTests */,
				7CCCFB8519685D9200DF3442 /* Products */,
				B1851165B4B387A99B892941 /* Pods */,
				D40AB57214049AA9FBD041A6 /* Frameworks */,
			);
			sourceTree = "<group>";
		};
		7CCCFB8519685D9200DF3442 /* Products */ = {
			isa = PBXGroup;
			children = (
				7CCCFB8419685D9200DF3442 /* stash.app */,
				7CCCFB9119685D9200DF3442 /* stashTests.xctest */,
			);
			name = Products;
			sourceTree = "<group>";
		};
		7CCCFB8619685D9200DF3442 /* stash */ = {
			isa = PBXGroup;
			children = (
				7CCCFB8919685D9200DF3442 /* AppDelegate.swift */,
				7CA20BBF1A72E1580021B631 /* Stash.swift */,
				7C2AF2AC1A72ADB800B48192 /* Views */,
				7CA20BC11A73ED380021B631 /* Controllers */,
				7C2AF2AB1A72ADAA00B48192 /* Model */,
				7C2B901F1A2805F8009F0589 /* Utilities */,
				7CCCFB8719685D9200DF3442 /* Supporting Files */,
			);
			path = stash;
			sourceTree = "<group>";
		};
		7CCCFB8719685D9200DF3442 /* Supporting Files */ = {
			isa = PBXGroup;
			children = (
				7CCCFB8B19685D9200DF3442 /* Images.xcassets */,
				7CF02F9F1A0BB3C600C88B32 /* stash-bridging-header.h */,
				7CCCFB8819685D9200DF3442 /* Info.plist */,
			);
			name = "Supporting Files";
			sourceTree = "<group>";
		};
		7CCCFB9419685D9200DF3442 /* stashTests */ = {
			isa = PBXGroup;
			children = (
				7C2B90221A2806E2009F0589 /* CoreMotionSingletonTests.swift */,
				7C6535E71A29505A00ABA772 /* GyroHarvesterTests.swift */,
				7CA20BD31A7448130021B631 /* EntropyMachineTests.swift */,
				7CA595181A297EE60047015A /* AccelerometerHarvesterTests.swift */,
				7CA20BCA1A7436B60021B631 /* StashSingletonTests.swift */,
				7C5C1E461A75D511009B92F7 /* ScryptTests.swift */,
				7C7A5D071A76F2500062515A /* EnScryptTests.swift */,
				7CCCFB9519685D9200DF3442 /* Supporting Files */,
			);
			path = stashTests;
			sourceTree = "<group>";
		};
		7CCCFB9519685D9200DF3442 /* Supporting Files */ = {
			isa = PBXGroup;
			children = (
				7CCCFB9619685D9200DF3442 /* Info.plist */,
			);
			name = "Supporting Files";
			sourceTree = "<group>";
		};
		B1851165B4B387A99B892941 /* Pods */ = {
			isa = PBXGroup;
			children = (
				7B0CFA08E5E4B2C2AAFB0FA7 /* Pods.debug.xcconfig */,
				E74BAC5D4020597919028F4D /* Pods.release.xcconfig */,
			);
			name = Pods;
			sourceTree = "<group>";
		};
		D40AB57214049AA9FBD041A6 /* Frameworks */ = {
			isa = PBXGroup;
			children = (
				F68D602F74D33DC7D38BAA36 /* libPods.a */,
			);
			name = Frameworks;
			sourceTree = "<group>";
		};
/* End PBXGroup section */

/* Begin PBXNativeTarget section */
		7CCCFB8319685D9200DF3442 /* stash */ = {
			isa = PBXNativeTarget;
			buildConfigurationList = 7CCCFB9B19685D9200DF3442 /* Build configuration list for PBXNativeTarget "stash" */;
			buildPhases = (
				7CCCFB8019685D9200DF3442 /* Sources */,
				7CCCFB8119685D9200DF3442 /* Frameworks */,
				7CCCFB8219685D9200DF3442 /* Resources */,
			);
			buildRules = (
			);
			dependencies = (
			);
			name = stash;
			productName = stash;
			productReference = 7CCCFB8419685D9200DF3442 /* stash.app */;
			productType = "com.apple.product-type.application";
		};
		7CCCFB9019685D9200DF3442 /* stashTests */ = {
			isa = PBXNativeTarget;
			buildConfigurationList = 7CCCFB9E19685D9200DF3442 /* Build configuration list for PBXNativeTarget "stashTests" */;
			buildPhases = (
				F17A9E1575F0518994FCD263 /* Check Pods Manifest.lock */,
				7CCCFB8D19685D9200DF3442 /* Sources */,
				7CCCFB8E19685D9200DF3442 /* Frameworks */,
				7CCCFB8F19685D9200DF3442 /* Resources */,
				F8A4AE7E6AFCF7F58676EA0F /* Copy Pods Resources */,
			);
			buildRules = (
			);
			dependencies = (
				7CCCFB9319685D9200DF3442 /* PBXTargetDependency */,
			);
			name = stashTests;
			productName = stashTests;
			productReference = 7CCCFB9119685D9200DF3442 /* stashTests.xctest */;
			productType = "com.apple.product-type.bundle.unit-test";
		};
/* End PBXNativeTarget section */

/* Begin PBXProject section */
		7CCCFB7C19685D9200DF3442 /* Project object */ = {
			isa = PBXProject;
			attributes = {
				LastUpgradeCheck = 0600;
				ORGANIZATIONNAME = "James Stidard";
				TargetAttributes = {
					7CCCFB8319685D9200DF3442 = {
						CreatedOnToolsVersion = 6.0;
						DevelopmentTeam = SS36WRA5R7;
					};
					7CCCFB9019685D9200DF3442 = {
						CreatedOnToolsVersion = 6.0;
						TestTargetID = 7CCCFB8319685D9200DF3442;
					};
				};
			};
			buildConfigurationList = 7CCCFB7F19685D9200DF3442 /* Build configuration list for PBXProject "stash" */;
			compatibilityVersion = "Xcode 3.2";
			developmentRegion = English;
			hasScannedForEncodings = 0;
			knownRegions = (
				en,
			);
			mainGroup = 7CCCFB7B19685D9200DF3442;
			productRefGroup = 7CCCFB8519685D9200DF3442 /* Products */;
			projectDirPath = "";
			projectRoot = "";
			targets = (
				7CCCFB8319685D9200DF3442 /* stash */,
				7CCCFB9019685D9200DF3442 /* stashTests */,
			);
		};
/* End PBXProject section */

/* Begin PBXResourcesBuildPhase section */
		7CCCFB8219685D9200DF3442 /* Resources */ = {
			isa = PBXResourcesBuildPhase;
			buildActionMask = 2147483647;
			files = (
				7CCCFB8C19685D9200DF3442 /* Images.xcassets in Resources */,
				7C49EB391A1146A500023BE0 /* Storyboard.storyboard in Resources */,
			);
			runOnlyForDeploymentPostprocessing = 0;
		};
		7CCCFB8F19685D9200DF3442 /* Resources */ = {
			isa = PBXResourcesBuildPhase;
			buildActionMask = 2147483647;
			files = (
			);
			runOnlyForDeploymentPostprocessing = 0;
		};
/* End PBXResourcesBuildPhase section */

/* Begin PBXShellScriptBuildPhase section */
		F17A9E1575F0518994FCD263 /* Check Pods Manifest.lock */ = {
			isa = PBXShellScriptBuildPhase;
			buildActionMask = 2147483647;
			files = (
			);
			inputPaths = (
			);
			name = "Check Pods Manifest.lock";
			outputPaths = (
			);
			runOnlyForDeploymentPostprocessing = 0;
			shellPath = /bin/sh;
			shellScript = "diff \"${PODS_ROOT}/../Podfile.lock\" \"${PODS_ROOT}/Manifest.lock\" > /dev/null\nif [[ $? != 0 ]] ; then\n    cat << EOM\nerror: The sandbox is not in sync with the Podfile.lock. Run 'pod install' or update your CocoaPods installation.\nEOM\n    exit 1\nfi\n";
			showEnvVarsInLog = 0;
		};
		F8A4AE7E6AFCF7F58676EA0F /* Copy Pods Resources */ = {
			isa = PBXShellScriptBuildPhase;
			buildActionMask = 2147483647;
			files = (
			);
			inputPaths = (
			);
			name = "Copy Pods Resources";
			outputPaths = (
			);
			runOnlyForDeploymentPostprocessing = 0;
			shellPath = /bin/sh;
			shellScript = "\"${SRCROOT}/Pods/Target Support Files/Pods/Pods-resources.sh\"\n";
			showEnvVarsInLog = 0;
		};
/* End PBXShellScriptBuildPhase section */

/* Begin PBXSourcesBuildPhase section */
		7CCCFB8019685D9200DF3442 /* Sources */ = {
			isa = PBXSourcesBuildPhase;
			buildActionMask = 2147483647;
			files = (
				7C881DAC1A76E20B0017B785 /* Scrypt.swift in Sources */,
				7C5C1E3C1A755837009B92F7 /* QRScannerViewController.swift in Sources */,
				7C881DAE1A76E22D0017B785 /* EnScrypt.swift in Sources */,
				7C2B90301A2832DE009F0589 /* EntropyMachine.swift in Sources */,
				7C881DA61A76E1880017B785 /* HmacSha256.swift in Sources */,
				7C881DA81A76E1B00017B785 /* Sha512.swift in Sources */,
				7CA20BBE1A72DA290021B631 /* NSManagedObjectHelper.swift in Sources */,
				7C2B902E1A282BA5009F0589 /* NSOperationQueueHelper.swift in Sources */,
				7C2AF2B51A72B4D300B48192 /* IdentityCreator.swift in Sources */,
				7C2B902A1A281DD0009F0589 /* NSDataFromMultipleObjects.swift in Sources */,
				7C2B902C1A2829A3009F0589 /* NSOperationQueueSafeSetGet.swift in Sources */,
				7CA20BC31A73ED830021B631 /* IdentityGenerationViewController.swift in Sources */,
				7C2B90281A280B84009F0589 /* AccelerometerHarvester.swift in Sources */,
				7CA20BC51A742E100021B631 /* RescueCodeViewController.swift in Sources */,
				7CCCFB8A19685D9200DF3442 /* AppDelegate.swift in Sources */,
				7C5C1E3E1A7558C9009B92F7 /* AuthenticationViewController.swift in Sources */,
				7C2AF2B31A72B45C00B48192 /* Identity.swift in Sources */,
				7C5C1E401A755C52009B92F7 /* IdentitySelectorViewController.swift in Sources */,
				7C2B901D1A28035E009F0589 /* CoreMotionSingleton.swift in Sources */,
				7CA20BC01A72E1580021B631 /* Stash.swift in Sources */,
				7C881DA41A76E14F0017B785 /* Ed25519.swift in Sources */,
				7C881DAA1A76E1E60017B785 /* SodiumUtilities.swift in Sources */,
				7C2AF2AA1A72AD1500B48192 /* Model.xcdatamodeld in Sources */,
				7C87AAA91A2834ED00DC3EC7 /* EntropyHarvester.swift in Sources */,
				7C2B90261A280B05009F0589 /* GyroHarvester.swift in Sources */,
				7C5C1E451A75AA93009B92F7 /* IdentityHolderProtocol.swift in Sources */,
			);
			runOnlyForDeploymentPostprocessing = 0;
		};
		7CCCFB8D19685D9200DF3442 /* Sources */ = {
			isa = PBXSourcesBuildPhase;
			buildActionMask = 2147483647;
			files = (
				7CA20BCB1A7436B60021B631 /* StashSingletonTests.swift in Sources */,
				7C881DAF1A76E2CE0017B785 /* EnScrypt.swift in Sources */,
				7C881DB01A76E2D20017B785 /* SodiumUtilities.swift in Sources */,
				7C5C1E471A75D511009B92F7 /* ScryptTests.swift in Sources */,
				7C87AAA51A28347200DC3EC7 /* NSDataFromMultipleObjects.swift in Sources */,
				7C2B90231A2806E2009F0589 /* CoreMotionSingletonTests.swift in Sources */,
				7C881DB41A76E2D20017B785 /* Scrypt.swift in Sources */,
				7C7A5D081A76F2500062515A /* EnScryptTests.swift in Sources */,
				7CA20BCC1A7436ED0021B631 /* Stash.swift in Sources */,
				7C87AAA21A28343400DC3EC7 /* EntropyMachine.swift in Sources */,
				7C87AAA71A28348200DC3EC7 /* AccelerometerHarvester.swift in Sources */,
				7C6535E81A29505A00ABA772 /* GyroHarvesterTests.swift in Sources */,
				7C87AAA61A28347F00DC3EC7 /* GyroHarvester.swift in Sources */,
				7C881DB11A76E2D20017B785 /* Ed25519.swift in Sources */,
				7CA595191A297EE60047015A /* AccelerometerHarvesterTests.swift in Sources */,
				7CA20BD41A7448130021B631 /* EntropyMachineTests.swift in Sources */,
				7C87AAA41A28346F00DC3EC7 /* NSOperationQueueSafeSetGet.swift in Sources */,
				7C881DB31A76E2D20017B785 /* Sha512.swift in Sources */,
				7C881DB21A76E2D20017B785 /* HmacSha256.swift in Sources */,
				7C87AAA31A28345000DC3EC7 /* NSOperationQueueHelper.swift in Sources */,
				7C2B90241A280760009F0589 /* CoreMotionSingleton.swift in Sources */,
				7C87AAAA1A2834F700DC3EC7 /* EntropyHarvester.swift in Sources */,
			);
			runOnlyForDeploymentPostprocessing = 0;
		};
/* End PBXSourcesBuildPhase section */

/* Begin PBXTargetDependency section */
		7CCCFB9319685D9200DF3442 /* PBXTargetDependency */ = {
			isa = PBXTargetDependency;
			target = 7CCCFB8319685D9200DF3442 /* stash */;
			targetProxy = 7CCCFB9219685D9200DF3442 /* PBXContainerItemProxy */;
		};
/* End PBXTargetDependency section */

/* Begin XCBuildConfiguration section */
		7CCCFB9919685D9200DF3442 /* Debug */ = {
			isa = XCBuildConfiguration;
			baseConfigurationReference = 7B0CFA08E5E4B2C2AAFB0FA7 /* Pods.debug.xcconfig */;
			buildSettings = {
				ALWAYS_SEARCH_USER_PATHS = NO;
				CLANG_CXX_LANGUAGE_STANDARD = "gnu++0x";
				CLANG_CXX_LIBRARY = "libc++";
				CLANG_ENABLE_MODULES = YES;
				CLANG_ENABLE_OBJC_ARC = YES;
				CLANG_WARN_BOOL_CONVERSION = YES;
				CLANG_WARN_CONSTANT_CONVERSION = YES;
				CLANG_WARN_DIRECT_OBJC_ISA_USAGE = YES_ERROR;
				CLANG_WARN_EMPTY_BODY = YES;
				CLANG_WARN_ENUM_CONVERSION = YES;
				CLANG_WARN_INT_CONVERSION = YES;
				CLANG_WARN_OBJC_ROOT_CLASS = YES_ERROR;
				CLANG_WARN_UNREACHABLE_CODE = YES;
				CLANG_WARN__DUPLICATE_METHOD_MATCH = YES;
				"CODE_SIGN_IDENTITY[sdk=iphoneos*]" = "iPhone Developer";
				COPY_PHASE_STRIP = NO;
				ENABLE_STRICT_OBJC_MSGSEND = YES;
				GCC_C_LANGUAGE_STANDARD = gnu99;
				GCC_DYNAMIC_NO_PIC = NO;
				GCC_OPTIMIZATION_LEVEL = 0;
				GCC_PREPROCESSOR_DEFINITIONS = (
					"DEBUG=1",
					"$(inherited)",
				);
				GCC_SYMBOLS_PRIVATE_EXTERN = NO;
				GCC_WARN_64_TO_32_BIT_CONVERSION = YES;
				GCC_WARN_ABOUT_RETURN_TYPE = YES_ERROR;
				GCC_WARN_UNDECLARED_SELECTOR = YES;
				GCC_WARN_UNINITIALIZED_AUTOS = YES_AGGRESSIVE;
				GCC_WARN_UNUSED_FUNCTION = YES;
				GCC_WARN_UNUSED_VARIABLE = YES;
				IPHONEOS_DEPLOYMENT_TARGET = 8.0;
				METAL_ENABLE_DEBUG_INFO = YES;
				ONLY_ACTIVE_ARCH = YES;
				SDKROOT = iphoneos;
				SWIFT_OPTIMIZATION_LEVEL = "-Onone";
				TARGETED_DEVICE_FAMILY = "1,2";
			};
			name = Debug;
		};
		7CCCFB9A19685D9200DF3442 /* Release */ = {
			isa = XCBuildConfiguration;
			baseConfigurationReference = E74BAC5D4020597919028F4D /* Pods.release.xcconfig */;
			buildSettings = {
				ALWAYS_SEARCH_USER_PATHS = NO;
				CLANG_CXX_LANGUAGE_STANDARD = "gnu++0x";
				CLANG_CXX_LIBRARY = "libc++";
				CLANG_ENABLE_MODULES = YES;
				CLANG_ENABLE_OBJC_ARC = YES;
				CLANG_WARN_BOOL_CONVERSION = YES;
				CLANG_WARN_CONSTANT_CONVERSION = YES;
				CLANG_WARN_DIRECT_OBJC_ISA_USAGE = YES_ERROR;
				CLANG_WARN_EMPTY_BODY = YES;
				CLANG_WARN_ENUM_CONVERSION = YES;
				CLANG_WARN_INT_CONVERSION = YES;
				CLANG_WARN_OBJC_ROOT_CLASS = YES_ERROR;
				CLANG_WARN_UNREACHABLE_CODE = YES;
				CLANG_WARN__DUPLICATE_METHOD_MATCH = YES;
				"CODE_SIGN_IDENTITY[sdk=iphoneos*]" = "iPhone Developer";
				COPY_PHASE_STRIP = YES;
				ENABLE_NS_ASSERTIONS = NO;
				ENABLE_STRICT_OBJC_MSGSEND = YES;
				GCC_C_LANGUAGE_STANDARD = gnu99;
				GCC_WARN_64_TO_32_BIT_CONVERSION = YES;
				GCC_WARN_ABOUT_RETURN_TYPE = YES_ERROR;
				GCC_WARN_UNDECLARED_SELECTOR = YES;
				GCC_WARN_UNINITIALIZED_AUTOS = YES_AGGRESSIVE;
				GCC_WARN_UNUSED_FUNCTION = YES;
				GCC_WARN_UNUSED_VARIABLE = YES;
				IPHONEOS_DEPLOYMENT_TARGET = 8.0;
				METAL_ENABLE_DEBUG_INFO = NO;
				SDKROOT = iphoneos;
				TARGETED_DEVICE_FAMILY = "1,2";
				VALIDATE_PRODUCT = YES;
			};
			name = Release;
		};
		7CCCFB9C19685D9200DF3442 /* Debug */ = {
			isa = XCBuildConfiguration;
			buildSettings = {
				ASSETCATALOG_COMPILER_APPICON_NAME = AppIcon;
				ASSETCATALOG_COMPILER_LAUNCHIMAGE_NAME = LaunchImage;
				CODE_SIGN_IDENTITY = "iPhone Developer";
				INFOPLIST_FILE = stash/Info.plist;
				LD_RUNPATH_SEARCH_PATHS = "$(inherited) @executable_path/Frameworks";
				PRODUCT_NAME = "$(TARGET_NAME)";
				SWIFT_OBJC_BRIDGING_HEADER = "stash/stash-bridging-header.h";
			};
			name = Debug;
		};
		7CCCFB9D19685D9200DF3442 /* Release */ = {
			isa = XCBuildConfiguration;
			buildSettings = {
				ASSETCATALOG_COMPILER_APPICON_NAME = AppIcon;
				ASSETCATALOG_COMPILER_LAUNCHIMAGE_NAME = LaunchImage;
				CODE_SIGN_IDENTITY = "iPhone Developer";
				INFOPLIST_FILE = stash/Info.plist;
				LD_RUNPATH_SEARCH_PATHS = "$(inherited) @executable_path/Frameworks";
				PRODUCT_NAME = "$(TARGET_NAME)";
				SWIFT_OBJC_BRIDGING_HEADER = "stash/stash-bridging-header.h";
			};
			name = Release;
		};
		7CCCFB9F19685D9200DF3442 /* Debug */ = {
			isa = XCBuildConfiguration;
			buildSettings = {
				BUNDLE_LOADER = "$(BUILT_PRODUCTS_DIR)/stash.app/stash";
				FRAMEWORK_SEARCH_PATHS = (
					"$(SDKROOT)/Developer/Library/Frameworks",
					"$(inherited)",
				);
				GCC_PREPROCESSOR_DEFINITIONS = (
					"DEBUG=1",
					"$(inherited)",
				);
				INFOPLIST_FILE = stashTests/Info.plist;
				LD_RUNPATH_SEARCH_PATHS = "$(inherited) @executable_path/Frameworks @loader_path/Frameworks";
				METAL_ENABLE_DEBUG_INFO = YES;
				PRODUCT_NAME = "$(TARGET_NAME)";
				SWIFT_OBJC_BRIDGING_HEADER = "stash/stash-bridging-header.h";
				TEST_HOST = "$(BUNDLE_LOADER)";
			};
			name = Debug;
		};
		7CCCFBA019685D9200DF3442 /* Release */ = {
			isa = XCBuildConfiguration;
			buildSettings = {
				BUNDLE_LOADER = "$(BUILT_PRODUCTS_DIR)/stash.app/stash";
				FRAMEWORK_SEARCH_PATHS = (
					"$(SDKROOT)/Developer/Library/Frameworks",
					"$(inherited)",
				);
				INFOPLIST_FILE = stashTests/Info.plist;
				LD_RUNPATH_SEARCH_PATHS = "$(inherited) @executable_path/Frameworks @loader_path/Frameworks";
				METAL_ENABLE_DEBUG_INFO = NO;
				PRODUCT_NAME = "$(TARGET_NAME)";
				SWIFT_OBJC_BRIDGING_HEADER = "stash/stash-bridging-header.h";
				TEST_HOST = "$(BUNDLE_LOADER)";
			};
			name = Release;
		};
/* End XCBuildConfiguration section */

/* Begin XCConfigurationList section */
		7CCCFB7F19685D9200DF3442 /* Build configuration list for PBXProject "stash" */ = {
			isa = XCConfigurationList;
			buildConfigurations = (
				7CCCFB9919685D9200DF3442 /* Debug */,
				7CCCFB9A19685D9200DF3442 /* Release */,
			);
			defaultConfigurationIsVisible = 0;
			defaultConfigurationName = Release;
		};
		7CCCFB9B19685D9200DF3442 /* Build configuration list for PBXNativeTarget "stash" */ = {
			isa = XCConfigurationList;
			buildConfigurations = (
				7CCCFB9C19685D9200DF3442 /* Debug */,
				7CCCFB9D19685D9200DF3442 /* Release */,
			);
			defaultConfigurationIsVisible = 0;
			defaultConfigurationName = Release;
		};
		7CCCFB9E19685D9200DF3442 /* Build configuration list for PBXNativeTarget "stashTests" */ = {
			isa = XCConfigurationList;
			buildConfigurations = (
				7CCCFB9F19685D9200DF3442 /* Debug */,
				7CCCFBA019685D9200DF3442 /* Release */,
			);
			defaultConfigurationIsVisible = 0;
			defaultConfigurationName = Release;
		};
/* End XCConfigurationList section */

/* Begin XCVersionGroup section */
		7C2AF2A81A72AD1500B48192 /* Model.xcdatamodeld */ = {
			isa = XCVersionGroup;
			children = (
				7C2AF2A91A72AD1500B48192 /* Model.xcdatamodel */,
			);
			currentVersion = 7C2AF2A91A72AD1500B48192 /* Model.xcdatamodel */;
			path = Model.xcdatamodeld;
			sourceTree = "<group>";
			versionGroupType = wrapper.xcdatamodel;
		};
/* End XCVersionGroup section */
	};
	rootObject = 7CCCFB7C19685D9200DF3442 /* Project object */;
}
