// !$*UTF8*$!
{
	archiveVersion = 1;
	classes = {
	};
	objectVersion = 46;
	objects = {

/* Begin PBXBuildFile section */
		29E55CBAC52ED55E37922E57 /* libPods.a in Frameworks */ = {isa = PBXBuildFile; fileRef = F68D602F74D33DC7D38BAA36 /* libPods.a */; };
		7C1236811A8B491500758416 /* XORStorePasswordManagement.swift in Sources */ = {isa = PBXBuildFile; fileRef = 7C1236801A8B491500758416 /* XORStorePasswordManagement.swift */; };
		7C277F9E1ADC660700F6863B /* ContextDriven.swift in Sources */ = {isa = PBXBuildFile; fileRef = 7C277F9D1ADC660700F6863B /* ContextDriven.swift */; };
		7C277FA01ADC788800F6863B /* ContextDriven.swift in Sources */ = {isa = PBXBuildFile; fileRef = 7C277F9D1ADC660700F6863B /* ContextDriven.swift */; };
		7C277FA41ADD670B00F6863B /* NSURLSessionTaskSqrl.swift in Sources */ = {isa = PBXBuildFile; fileRef = 7C277FA31ADD670B00F6863B /* NSURLSessionTaskSqrl.swift */; };
		7C277FA61ADE59D100F6863B /* StringBase64URL.swift in Sources */ = {isa = PBXBuildFile; fileRef = 7C277FA51ADE59D100F6863B /* StringBase64URL.swift */; };
		7C2AF2AA1A72AD1500B48192 /* Model.xcdatamodeld in Sources */ = {isa = PBXBuildFile; fileRef = 7C2AF2A81A72AD1500B48192 /* Model.xcdatamodeld */; };
		7C2AF2B51A72B4D300B48192 /* IdentityCreator.swift in Sources */ = {isa = PBXBuildFile; fileRef = 7C2AF2B41A72B4D300B48192 /* IdentityCreator.swift */; };
		7C2B901D1A28035E009F0589 /* CoreMotionSingleton.swift in Sources */ = {isa = PBXBuildFile; fileRef = 7C2B901C1A28035E009F0589 /* CoreMotionSingleton.swift */; };
		7C2B90231A2806E2009F0589 /* CoreMotionSingletonTests.swift in Sources */ = {isa = PBXBuildFile; fileRef = 7C2B90221A2806E2009F0589 /* CoreMotionSingletonTests.swift */; };
		7C2B90241A280760009F0589 /* CoreMotionSingleton.swift in Sources */ = {isa = PBXBuildFile; fileRef = 7C2B901C1A28035E009F0589 /* CoreMotionSingleton.swift */; };
		7C2B90261A280B05009F0589 /* GyroHarvester.swift in Sources */ = {isa = PBXBuildFile; fileRef = 7C2B90251A280B05009F0589 /* GyroHarvester.swift */; };
		7C2B90281A280B84009F0589 /* AccelerometerHarvester.swift in Sources */ = {isa = PBXBuildFile; fileRef = 7C2B90271A280B84009F0589 /* AccelerometerHarvester.swift */; };
		7C2B902A1A281DD0009F0589 /* NSDataFromMultipleObjects.swift in Sources */ = {isa = PBXBuildFile; fileRef = 7C2B90291A281DD0009F0589 /* NSDataFromMultipleObjects.swift */; };
		7C2B902C1A2829A3009F0589 /* NSOperationQueueSafeSetGet.swift in Sources */ = {isa = PBXBuildFile; fileRef = 7C2B902B1A2829A3009F0589 /* NSOperationQueueSafeSetGet.swift */; };
		7C2B902E1A282BA5009F0589 /* NSOperationQueueHelper.swift in Sources */ = {isa = PBXBuildFile; fileRef = 7C2B902D1A282BA5009F0589 /* NSOperationQueueHelper.swift */; };
		7C2B90301A2832DE009F0589 /* EntropyMachine.swift in Sources */ = {isa = PBXBuildFile; fileRef = 7C2B902F1A2832DE009F0589 /* EntropyMachine.swift */; };
		7C3182E81A8837C900DD5DE0 /* gcmEncryptExtIV256.rsp in Resources */ = {isa = PBXBuildFile; fileRef = 7C3182E71A8837C900DD5DE0 /* gcmEncryptExtIV256.rsp */; };
		7C3420B01AD850A200338126 /* IdentityViewController.swift in Sources */ = {isa = PBXBuildFile; fileRef = 7C3420AF1AD850A200338126 /* IdentityViewController.swift */; };
		7C3420C31AD8AA8100338126 /* OptionalOperatorChaining.swift in Sources */ = {isa = PBXBuildFile; fileRef = 7C3420C21AD8AA8100338126 /* OptionalOperatorChaining.swift */; };
		7C3420C41AD8AA8100338126 /* OptionalOperatorChaining.swift in Sources */ = {isa = PBXBuildFile; fileRef = 7C3420C21AD8AA8100338126 /* OptionalOperatorChaining.swift */; };
		7C3863221AE7EDF200CA822C /* CameraPreviewView.swift in Sources */ = {isa = PBXBuildFile; fileRef = 7C3863211AE7EDF200CA822C /* CameraPreviewView.swift */; };
		7C3863251AE84FBB00CA822C /* UIAlertControllerHelper.swift in Sources */ = {isa = PBXBuildFile; fileRef = 7C3863241AE84FBB00CA822C /* UIAlertControllerHelper.swift */; };
		7C3F12871A88666A0066E453 /* NSStringDataFromHex.swift in Sources */ = {isa = PBXBuildFile; fileRef = 7C3F12861A88666A0066E453 /* NSStringDataFromHex.swift */; };
		7C3F12881A8867330066E453 /* NSStringDataFromHex.swift in Sources */ = {isa = PBXBuildFile; fileRef = 7C3F12861A88666A0066E453 /* NSStringDataFromHex.swift */; };
		7C3F128A1A8885140066E453 /* gcmDecrypt256.rsp in Resources */ = {isa = PBXBuildFile; fileRef = 7C3F12891A8885140066E453 /* gcmDecrypt256.rsp */; };
		7C43F4EF1AE0FD1500E4AC51 /* XORStoreKeychain.swift in Sources */ = {isa = PBXBuildFile; fileRef = 7C43F4EE1AE0FD1500E4AC51 /* XORStoreKeychain.swift */; };
		7C43F4F11AE1273900E4AC51 /* LocalAuthentication.framework in Frameworks */ = {isa = PBXBuildFile; fileRef = 7C43F4F01AE1273900E4AC51 /* LocalAuthentication.framework */; };
		7C446C361AD82B7000201228 /* OpenSSLUtilities.swift in Sources */ = {isa = PBXBuildFile; fileRef = 7C446C351AD82B7000201228 /* OpenSSLUtilities.swift */; };
		7C446C371AD82C9D00201228 /* OpenSSLUtilities.swift in Sources */ = {isa = PBXBuildFile; fileRef = 7C446C351AD82B7000201228 /* OpenSSLUtilities.swift */; };
		7C499BB11AB7B036005B2DD2 /* NSManagedObjectContextHelper.swift in Sources */ = {isa = PBXBuildFile; fileRef = 7C499BB01AB7B036005B2DD2 /* NSManagedObjectContextHelper.swift */; };
		7C49EB391A1146A500023BE0 /* Storyboard.storyboard in Resources */ = {isa = PBXBuildFile; fileRef = 7C49EB381A1146A500023BE0 /* Storyboard.storyboard */; };
		7C4C96D31AE940AB00ED3722 /* IdentityCell.swift in Sources */ = {isa = PBXBuildFile; fileRef = 7C4C96D11AE940AB00ED3722 /* IdentityCell.swift */; };
		7C4C96D61AE9432100ED3722 /* IdentityCollectionViewController.swift in Sources */ = {isa = PBXBuildFile; fileRef = 7C4C96D51AE9432100ED3722 /* IdentityCollectionViewController.swift */; };
		7C4C96DA1AE9452000ED3722 /* SqrlLinkDataSource.swift in Sources */ = {isa = PBXBuildFile; fileRef = 7C4C96D91AE9452000ED3722 /* SqrlLinkDataSource.swift */; };
		7C4C96DB1AE9459900ED3722 /* ContextDriven.swift in Sources */ = {isa = PBXBuildFile; fileRef = 7C277F9D1ADC660700F6863B /* ContextDriven.swift */; };
		7C4C96DC1AE94B8100ED3722 /* SqrlLinkDataSource.swift in Sources */ = {isa = PBXBuildFile; fileRef = 7C4C96D91AE9452000ED3722 /* SqrlLinkDataSource.swift */; };
		7C57084E1A861EC20090EDB5 /* AESGCMTests.swift in Sources */ = {isa = PBXBuildFile; fileRef = 7C57084D1A861EC20090EDB5 /* AESGCMTests.swift */; };
		7C58578D1AE42BC4008442DE /* Identity.swift in Sources */ = {isa = PBXBuildFile; fileRef = 7CB2855F1A8BC9970019A2EC /* Identity.swift */; };
		7C58578E1AE42BCC008442DE /* NSManagedObjectHelper.swift in Sources */ = {isa = PBXBuildFile; fileRef = 7CA20BBD1A72DA290021B631 /* NSManagedObjectHelper.swift */; };
		7C58578F1AE42BCC008442DE /* GCMStore.swift in Sources */ = {isa = PBXBuildFile; fileRef = 7CB285651A8BC9970019A2EC /* GCMStore.swift */; };
		7C5857901AE42BCC008442DE /* SecureStore.swift in Sources */ = {isa = PBXBuildFile; fileRef = 7CB285621A8BC9970019A2EC /* SecureStore.swift */; };
		7C5857911AE42BCC008442DE /* Settings.swift in Sources */ = {isa = PBXBuildFile; fileRef = 7CB285591A8BC9960019A2EC /* Settings.swift */; };
		7C5857921AE42BCC008442DE /* XORStore.swift in Sources */ = {isa = PBXBuildFile; fileRef = 7CB2855C1A8BC9970019A2EC /* XORStore.swift */; };
		7C5857971AE42CB8008442DE /* Sha256.swift in Sources */ = {isa = PBXBuildFile; fileRef = 7CF72ABC1A88C45E0070D512 /* Sha256.swift */; };
		7C5857981AE42CD4008442DE /* SodiumUtilities.swift in Sources */ = {isa = PBXBuildFile; fileRef = 7C881DA91A76E1E60017B785 /* SodiumUtilities.swift */; };
		7C5857991AE42D06008442DE /* IdentityCreator.swift in Sources */ = {isa = PBXBuildFile; fileRef = 7C2AF2B41A72B4D300B48192 /* IdentityCreator.swift */; };
		7C58579A1AE42D06008442DE /* IdentityHolderProtocol.swift in Sources */ = {isa = PBXBuildFile; fileRef = 7C5C1E441A75AA93009B92F7 /* IdentityHolderProtocol.swift */; };
		7C58579B1AE42D06008442DE /* IdentityFetchedResultsController.swift in Sources */ = {isa = PBXBuildFile; fileRef = 7C957EC21AD96FD100E4E040 /* IdentityFetchedResultsController.swift */; };
		7C58579C1AE42D15008442DE /* NSStringRescueCode.swift in Sources */ = {isa = PBXBuildFile; fileRef = 7CEF30151A85D05700906534 /* NSStringRescueCode.swift */; };
		7C58579D1AE42D1D008442DE /* NSDataSecureZero.swift in Sources */ = {isa = PBXBuildFile; fileRef = 7CEF301D1A85E27600906534 /* NSDataSecureZero.swift */; };
		7C58579E1AE42D26008442DE /* BigNumberArithmetic.swift in Sources */ = {isa = PBXBuildFile; fileRef = 7CEF301B1A85D30300906534 /* BigNumberArithmetic.swift */; };
		7C58579F1AE42D31008442DE /* GCMStoreCreator.swift in Sources */ = {isa = PBXBuildFile; fileRef = 7CF72ADE1A890DED0070D512 /* GCMStoreCreator.swift */; };
		7C5857A01AE42D39008442DE /* SecureStoreAbstract.swift in Sources */ = {isa = PBXBuildFile; fileRef = 7C9336941A8B982D00D3E53B /* SecureStoreAbstract.swift */; };
		7C5857A11AE42D3C008442DE /* XORStoreCreator.swift in Sources */ = {isa = PBXBuildFile; fileRef = 7CF72AE21A891C2F0070D512 /* XORStoreCreator.swift */; };
		7C5857A21AE42D3C008442DE /* XORStorePasswordManagement.swift in Sources */ = {isa = PBXBuildFile; fileRef = 7C1236801A8B491500758416 /* XORStorePasswordManagement.swift */; };
		7C5857A31AE42D3C008442DE /* XORStoreKeychain.swift in Sources */ = {isa = PBXBuildFile; fileRef = 7C43F4EE1AE0FD1500E4AC51 /* XORStoreKeychain.swift */; };
		7C5857A41AE42D3F008442DE /* SettingsCreator.swift in Sources */ = {isa = PBXBuildFile; fileRef = 7C7D29E91AE13A6E0023E4E8 /* SettingsCreator.swift */; };
		7C5857A51AE42D42008442DE /* ServerMessage.swift in Sources */ = {isa = PBXBuildFile; fileRef = 7C93BCB11AE2DEED005EC6CC /* ServerMessage.swift */; };
		7C5857A61AE42D45008442DE /* NSURLSqrl.swift in Sources */ = {isa = PBXBuildFile; fileRef = 7C6C08731ADB171200AF344B /* NSURLSqrl.swift */; };
		7C5857A71AE42D45008442DE /* NSURLSessionTaskSqrl.swift in Sources */ = {isa = PBXBuildFile; fileRef = 7C277FA31ADD670B00F6863B /* NSURLSessionTaskSqrl.swift */; };
		7C5857A81AE42D45008442DE /* NSDataSqrlServerMessage.swift in Sources */ = {isa = PBXBuildFile; fileRef = 7CDD82461ADEBE7800B85825 /* NSDataSqrlServerMessage.swift */; };
		7C5857A91AE42D45008442DE /* StringSqrlServerMessage.swift in Sources */ = {isa = PBXBuildFile; fileRef = 7CDD824A1ADFCF2600B85825 /* StringSqrlServerMessage.swift */; };
		7C5857AA1AE42D4C008442DE /* NSDataXOR.swift in Sources */ = {isa = PBXBuildFile; fileRef = 7CED8BB11A7AA64D004C4B56 /* NSDataXOR.swift */; };
		7C5857AB1AE42D4C008442DE /* OptionalOperatorChaining.swift in Sources */ = {isa = PBXBuildFile; fileRef = 7C3420C21AD8AA8100338126 /* OptionalOperatorChaining.swift */; };
		7C5857AC1AE42D51008442DE /* Ed25519.swift in Sources */ = {isa = PBXBuildFile; fileRef = 7C881DA31A76E14F0017B785 /* Ed25519.swift */; };
		7C5857AD1AE42D51008442DE /* HmacSha256.swift in Sources */ = {isa = PBXBuildFile; fileRef = 7C881DA51A76E1880017B785 /* HmacSha256.swift */; };
		7C5857AE1AE42D51008442DE /* Sha512.swift in Sources */ = {isa = PBXBuildFile; fileRef = 7C881DA71A76E1B00017B785 /* Sha512.swift */; };
		7C5857AF1AE42D52008442DE /* Scrypt.swift in Sources */ = {isa = PBXBuildFile; fileRef = 7C881DAB1A76E20B0017B785 /* Scrypt.swift */; };
		7C5857B01AE42D52008442DE /* EnScrypt.swift in Sources */ = {isa = PBXBuildFile; fileRef = 7C881DAD1A76E22D0017B785 /* EnScrypt.swift */; };
		7C5857B11AE42D52008442DE /* EnHash.swift in Sources */ = {isa = PBXBuildFile; fileRef = 7CF72ABA1A88C2EA0070D512 /* EnHash.swift */; };
		7C5857B21AE42D66008442DE /* StringBase64URL.swift in Sources */ = {isa = PBXBuildFile; fileRef = 7C277FA51ADE59D100F6863B /* StringBase64URL.swift */; };
		7C5857B31AE42D72008442DE /* NSDataBase64URL.swift in Sources */ = {isa = PBXBuildFile; fileRef = 7C6C08751ADB1CF700AF344B /* NSDataBase64URL.swift */; };
		7C5857B41AE42D82008442DE /* AesGcm.swift in Sources */ = {isa = PBXBuildFile; fileRef = 7CA1C9CD1A8730F600CC0A97 /* AesGcm.swift */; };
		7C5A8D721A8B9B74004407C1 /* SodiumUtilities.swift in Sources */ = {isa = PBXBuildFile; fileRef = 7C881DA91A76E1E60017B785 /* SodiumUtilities.swift */; };
		7C5A8D731A8B9B74004407C1 /* Ed25519.swift in Sources */ = {isa = PBXBuildFile; fileRef = 7C881DA31A76E14F0017B785 /* Ed25519.swift */; };
		7C5A8D741A8B9B74004407C1 /* HmacSha256.swift in Sources */ = {isa = PBXBuildFile; fileRef = 7C881DA51A76E1880017B785 /* HmacSha256.swift */; };
		7C5A8D751A8B9B74004407C1 /* Sha256.swift in Sources */ = {isa = PBXBuildFile; fileRef = 7CF72ABC1A88C45E0070D512 /* Sha256.swift */; };
		7C5A8D761A8B9B74004407C1 /* Sha512.swift in Sources */ = {isa = PBXBuildFile; fileRef = 7C881DA71A76E1B00017B785 /* Sha512.swift */; };
		7C5A8D771A8B9B74004407C1 /* Scrypt.swift in Sources */ = {isa = PBXBuildFile; fileRef = 7C881DAB1A76E20B0017B785 /* Scrypt.swift */; };
		7C5A8D781A8B9B74004407C1 /* EnScrypt.swift in Sources */ = {isa = PBXBuildFile; fileRef = 7C881DAD1A76E22D0017B785 /* EnScrypt.swift */; };
		7C5A8D791A8B9B74004407C1 /* EnHash.swift in Sources */ = {isa = PBXBuildFile; fileRef = 7CF72ABA1A88C2EA0070D512 /* EnHash.swift */; };
		7C5A8D7A1A8B9BA9004407C1 /* BigNumberArithmetic.swift in Sources */ = {isa = PBXBuildFile; fileRef = 7CEF301B1A85D30300906534 /* BigNumberArithmetic.swift */; };
		7C5A8D7B1A8B9BAE004407C1 /* NSDataSecureZero.swift in Sources */ = {isa = PBXBuildFile; fileRef = 7CEF301D1A85E27600906534 /* NSDataSecureZero.swift */; };
		7C5A8D7C1A8B9BAE004407C1 /* NSStringRescueCode.swift in Sources */ = {isa = PBXBuildFile; fileRef = 7CEF30151A85D05700906534 /* NSStringRescueCode.swift */; };
		7C5C1E3C1A755837009B92F7 /* QRScannerViewController.swift in Sources */ = {isa = PBXBuildFile; fileRef = 7C5C1E3B1A755837009B92F7 /* QRScannerViewController.swift */; };
		7C5C1E3E1A7558C9009B92F7 /* AuthenticationViewController.swift in Sources */ = {isa = PBXBuildFile; fileRef = 7C5C1E3D1A7558C9009B92F7 /* AuthenticationViewController.swift */; };
		7C5C1E401A755C52009B92F7 /* IdentitySelectorViewController.swift in Sources */ = {isa = PBXBuildFile; fileRef = 7C5C1E3F1A755C52009B92F7 /* IdentitySelectorViewController.swift */; };
		7C5C1E451A75AA93009B92F7 /* IdentityHolderProtocol.swift in Sources */ = {isa = PBXBuildFile; fileRef = 7C5C1E441A75AA93009B92F7 /* IdentityHolderProtocol.swift */; };
		7C5C1E471A75D511009B92F7 /* ScryptTests.swift in Sources */ = {isa = PBXBuildFile; fileRef = 7C5C1E461A75D511009B92F7 /* ScryptTests.swift */; };
		7C6535E81A29505A00ABA772 /* GyroHarvesterTests.swift in Sources */ = {isa = PBXBuildFile; fileRef = 7C6535E71A29505A00ABA772 /* GyroHarvesterTests.swift */; };
		7C6C08741ADB171200AF344B /* NSURLSqrl.swift in Sources */ = {isa = PBXBuildFile; fileRef = 7C6C08731ADB171200AF344B /* NSURLSqrl.swift */; };
		7C6C08761ADB1CF700AF344B /* NSDataBase64URL.swift in Sources */ = {isa = PBXBuildFile; fileRef = 7C6C08751ADB1CF700AF344B /* NSDataBase64URL.swift */; };
		7C7A5D081A76F2500062515A /* EnScryptTests.swift in Sources */ = {isa = PBXBuildFile; fileRef = 7C7A5D071A76F2500062515A /* EnScryptTests.swift */; };
		7C7D29E71AE133370023E4E8 /* XORStoreKeychain.swift in Sources */ = {isa = PBXBuildFile; fileRef = 7C43F4EE1AE0FD1500E4AC51 /* XORStoreKeychain.swift */; };
		7C7D29EA1AE13A6E0023E4E8 /* SettingsCreator.swift in Sources */ = {isa = PBXBuildFile; fileRef = 7C7D29E91AE13A6E0023E4E8 /* SettingsCreator.swift */; };
		7C7D29EB1AE13CCD0023E4E8 /* SettingsCreator.swift in Sources */ = {isa = PBXBuildFile; fileRef = 7C7D29E91AE13A6E0023E4E8 /* SettingsCreator.swift */; };
		7C87AAA21A28343400DC3EC7 /* EntropyMachine.swift in Sources */ = {isa = PBXBuildFile; fileRef = 7C2B902F1A2832DE009F0589 /* EntropyMachine.swift */; };
		7C87AAA31A28345000DC3EC7 /* NSOperationQueueHelper.swift in Sources */ = {isa = PBXBuildFile; fileRef = 7C2B902D1A282BA5009F0589 /* NSOperationQueueHelper.swift */; };
		7C87AAA41A28346F00DC3EC7 /* NSOperationQueueSafeSetGet.swift in Sources */ = {isa = PBXBuildFile; fileRef = 7C2B902B1A2829A3009F0589 /* NSOperationQueueSafeSetGet.swift */; };
		7C87AAA51A28347200DC3EC7 /* NSDataFromMultipleObjects.swift in Sources */ = {isa = PBXBuildFile; fileRef = 7C2B90291A281DD0009F0589 /* NSDataFromMultipleObjects.swift */; };
		7C87AAA61A28347F00DC3EC7 /* GyroHarvester.swift in Sources */ = {isa = PBXBuildFile; fileRef = 7C2B90251A280B05009F0589 /* GyroHarvester.swift */; };
		7C87AAA71A28348200DC3EC7 /* AccelerometerHarvester.swift in Sources */ = {isa = PBXBuildFile; fileRef = 7C2B90271A280B84009F0589 /* AccelerometerHarvester.swift */; };
		7C87AAA91A2834ED00DC3EC7 /* EntropyHarvester.swift in Sources */ = {isa = PBXBuildFile; fileRef = 7C87AAA81A2834ED00DC3EC7 /* EntropyHarvester.swift */; };
		7C87AAAA1A2834F700DC3EC7 /* EntropyHarvester.swift in Sources */ = {isa = PBXBuildFile; fileRef = 7C87AAA81A2834ED00DC3EC7 /* EntropyHarvester.swift */; };
		7C881DA41A76E14F0017B785 /* Ed25519.swift in Sources */ = {isa = PBXBuildFile; fileRef = 7C881DA31A76E14F0017B785 /* Ed25519.swift */; };
		7C881DA61A76E1880017B785 /* HmacSha256.swift in Sources */ = {isa = PBXBuildFile; fileRef = 7C881DA51A76E1880017B785 /* HmacSha256.swift */; };
		7C881DA81A76E1B00017B785 /* Sha512.swift in Sources */ = {isa = PBXBuildFile; fileRef = 7C881DA71A76E1B00017B785 /* Sha512.swift */; };
		7C881DAA1A76E1E60017B785 /* SodiumUtilities.swift in Sources */ = {isa = PBXBuildFile; fileRef = 7C881DA91A76E1E60017B785 /* SodiumUtilities.swift */; };
		7C881DAC1A76E20B0017B785 /* Scrypt.swift in Sources */ = {isa = PBXBuildFile; fileRef = 7C881DAB1A76E20B0017B785 /* Scrypt.swift */; };
		7C881DAE1A76E22D0017B785 /* EnScrypt.swift in Sources */ = {isa = PBXBuildFile; fileRef = 7C881DAD1A76E22D0017B785 /* EnScrypt.swift */; };
		7C8A5E681AE404A500F42EEC /* Action.js in Resources */ = {isa = PBXBuildFile; fileRef = 7C8A5E671AE404A500F42EEC /* Action.js */; };
		7C8B0D561AE6B1B4008A8041 /* MBProgressHUDStash.swift in Sources */ = {isa = PBXBuildFile; fileRef = 7C8B0D551AE6B1B4008A8041 /* MBProgressHUDStash.swift */; };
		7C8B0D591AE6CA7C008A8041 /* MBProgressHUDStash.swift in Sources */ = {isa = PBXBuildFile; fileRef = 7C8B0D551AE6B1B4008A8041 /* MBProgressHUDStash.swift */; };
		7C9336951A8B982D00D3E53B /* SecureStoreAbstract.swift in Sources */ = {isa = PBXBuildFile; fileRef = 7C9336941A8B982D00D3E53B /* SecureStoreAbstract.swift */; };
		7C93369D1A8B9A6B00D3E53B /* IdentityCreator.swift in Sources */ = {isa = PBXBuildFile; fileRef = 7C2AF2B41A72B4D300B48192 /* IdentityCreator.swift */; };
		7C93369E1A8B9A6B00D3E53B /* IdentityHolderProtocol.swift in Sources */ = {isa = PBXBuildFile; fileRef = 7C5C1E441A75AA93009B92F7 /* IdentityHolderProtocol.swift */; };
		7C93369F1A8B9A6E00D3E53B /* SecureStoreAbstract.swift in Sources */ = {isa = PBXBuildFile; fileRef = 7C9336941A8B982D00D3E53B /* SecureStoreAbstract.swift */; };
		7C9336A01A8B9A7100D3E53B /* XORStoreCreator.swift in Sources */ = {isa = PBXBuildFile; fileRef = 7CF72AE21A891C2F0070D512 /* XORStoreCreator.swift */; };
		7C9336A11A8B9A7100D3E53B /* XORStorePasswordManagement.swift in Sources */ = {isa = PBXBuildFile; fileRef = 7C1236801A8B491500758416 /* XORStorePasswordManagement.swift */; };
		7C9336A21A8B9A7400D3E53B /* GCMStoreCreator.swift in Sources */ = {isa = PBXBuildFile; fileRef = 7CF72ADE1A890DED0070D512 /* GCMStoreCreator.swift */; };
		7C93BCB21AE2DEED005EC6CC /* ServerMessage.swift in Sources */ = {isa = PBXBuildFile; fileRef = 7C93BCB11AE2DEED005EC6CC /* ServerMessage.swift */; };
		7C93BCB31AE2F0BE005EC6CC /* ServerMessage.swift in Sources */ = {isa = PBXBuildFile; fileRef = 7C93BCB11AE2DEED005EC6CC /* ServerMessage.swift */; };
		7C957EC11AD96F4100E4E040 /* IdentityManagementTableViewController.swift in Sources */ = {isa = PBXBuildFile; fileRef = 7C957EC01AD96F4100E4E040 /* IdentityManagementTableViewController.swift */; };
		7C957EC31AD96FD100E4E040 /* IdentityFetchedResultsController.swift in Sources */ = {isa = PBXBuildFile; fileRef = 7C957EC21AD96FD100E4E040 /* IdentityFetchedResultsController.swift */; };
		7CA1C9CE1A8730F600CC0A97 /* AesGcm.swift in Sources */ = {isa = PBXBuildFile; fileRef = 7CA1C9CD1A8730F600CC0A97 /* AesGcm.swift */; };
		7CA1C9CF1A874A5100CC0A97 /* AesGcm.swift in Sources */ = {isa = PBXBuildFile; fileRef = 7CA1C9CD1A8730F600CC0A97 /* AesGcm.swift */; };
		7CA20BBE1A72DA290021B631 /* NSManagedObjectHelper.swift in Sources */ = {isa = PBXBuildFile; fileRef = 7CA20BBD1A72DA290021B631 /* NSManagedObjectHelper.swift */; };
		7CA20BC01A72E1580021B631 /* Stash.swift in Sources */ = {isa = PBXBuildFile; fileRef = 7CA20BBF1A72E1580021B631 /* Stash.swift */; };
		7CA20BC31A73ED830021B631 /* IdentityGenerationViewController.swift in Sources */ = {isa = PBXBuildFile; fileRef = 7CA20BC21A73ED830021B631 /* IdentityGenerationViewController.swift */; };
		7CA20BC51A742E100021B631 /* RescueCodeViewController.swift in Sources */ = {isa = PBXBuildFile; fileRef = 7CA20BC41A742E100021B631 /* RescueCodeViewController.swift */; };
		7CA20BCB1A7436B60021B631 /* StashSingletonTests.swift in Sources */ = {isa = PBXBuildFile; fileRef = 7CA20BCA1A7436B60021B631 /* StashSingletonTests.swift */; };
		7CA20BCC1A7436ED0021B631 /* Stash.swift in Sources */ = {isa = PBXBuildFile; fileRef = 7CA20BBF1A72E1580021B631 /* Stash.swift */; };
		7CA20BD41A7448130021B631 /* EntropyMachineTests.swift in Sources */ = {isa = PBXBuildFile; fileRef = 7CA20BD31A7448130021B631 /* EntropyMachineTests.swift */; };
		7CA51DE31AE3DBE0002E9F45 /* ActionViewController.swift in Sources */ = {isa = PBXBuildFile; fileRef = 7CA51DE21AE3DBE0002E9F45 /* ActionViewController.swift */; };
		7CA51DE51AE3DBE0002E9F45 /* MainInterface.storyboard in Resources */ = {isa = PBXBuildFile; fileRef = 7CA51DE41AE3DBE0002E9F45 /* MainInterface.storyboard */; };
		7CA51DE81AE3DBE0002E9F45 /* stashAction.appex in Embed App Extensions */ = {isa = PBXBuildFile; fileRef = 7CA51DDE1AE3DBDF002E9F45 /* stashAction.appex */; settings = {ATTRIBUTES = (RemoveHeadersOnCopy, ); }; };
		7CA51DEF1AE3E8DC002E9F45 /* Stash.swift in Sources */ = {isa = PBXBuildFile; fileRef = 7CA20BBF1A72E1580021B631 /* Stash.swift */; };
		7CA51DF01AE3E8FE002E9F45 /* Model.xcdatamodeld in Sources */ = {isa = PBXBuildFile; fileRef = 7C2AF2A81A72AD1500B48192 /* Model.xcdatamodeld */; };
		7CA51DF41AE3ED45002E9F45 /* Images.xcassets in Resources */ = {isa = PBXBuildFile; fileRef = 7CA51DF31AE3ED45002E9F45 /* Images.xcassets */; };
		7CA595191A297EE60047015A /* AccelerometerHarvesterTests.swift in Sources */ = {isa = PBXBuildFile; fileRef = 7CA595181A297EE60047015A /* AccelerometerHarvesterTests.swift */; };
		7CAFACD51ADC231D00C077BC /* CoreDataTestCase.swift in Sources */ = {isa = PBXBuildFile; fileRef = 7CAFACD41ADC231D00C077BC /* CoreDataTestCase.swift */; };
		7CAFACD71ADC24D700C077BC /* XORTests.swift in Sources */ = {isa = PBXBuildFile; fileRef = 7CAFACD61ADC24D700C077BC /* XORTests.swift */; };
		7CB1ECD11A8BA9F700C57400 /* AppDelegate.swift in Sources */ = {isa = PBXBuildFile; fileRef = 7CCCFB8919685D9200DF3442 /* AppDelegate.swift */; };
		7CB1ECD21A8BAABD00C57400 /* Model.xcdatamodeld in Sources */ = {isa = PBXBuildFile; fileRef = 7C2AF2A81A72AD1500B48192 /* Model.xcdatamodeld */; };
		7CB285581A8BC4340019A2EC /* NSManagedObjectHelper.swift in Sources */ = {isa = PBXBuildFile; fileRef = 7CA20BBD1A72DA290021B631 /* NSManagedObjectHelper.swift */; };
		7CB2855A1A8BC9960019A2EC /* Settings.swift in Sources */ = {isa = PBXBuildFile; fileRef = 7CB285591A8BC9960019A2EC /* Settings.swift */; };
		7CB2855B1A8BC9960019A2EC /* Settings.swift in Sources */ = {isa = PBXBuildFile; fileRef = 7CB285591A8BC9960019A2EC /* Settings.swift */; };
		7CB2855D1A8BC9970019A2EC /* XORStore.swift in Sources */ = {isa = PBXBuildFile; fileRef = 7CB2855C1A8BC9970019A2EC /* XORStore.swift */; };
		7CB2855E1A8BC9970019A2EC /* XORStore.swift in Sources */ = {isa = PBXBuildFile; fileRef = 7CB2855C1A8BC9970019A2EC /* XORStore.swift */; };
		7CB285601A8BC9970019A2EC /* Identity.swift in Sources */ = {isa = PBXBuildFile; fileRef = 7CB2855F1A8BC9970019A2EC /* Identity.swift */; };
		7CB285611A8BC9970019A2EC /* Identity.swift in Sources */ = {isa = PBXBuildFile; fileRef = 7CB2855F1A8BC9970019A2EC /* Identity.swift */; };
		7CB285631A8BC9970019A2EC /* SecureStore.swift in Sources */ = {isa = PBXBuildFile; fileRef = 7CB285621A8BC9970019A2EC /* SecureStore.swift */; };
		7CB285641A8BC9970019A2EC /* SecureStore.swift in Sources */ = {isa = PBXBuildFile; fileRef = 7CB285621A8BC9970019A2EC /* SecureStore.swift */; };
		7CB285661A8BC9970019A2EC /* GCMStore.swift in Sources */ = {isa = PBXBuildFile; fileRef = 7CB285651A8BC9970019A2EC /* GCMStore.swift */; };
		7CB285671A8BC9970019A2EC /* GCMStore.swift in Sources */ = {isa = PBXBuildFile; fileRef = 7CB285651A8BC9970019A2EC /* GCMStore.swift */; };
		7CCCFB8A19685D9200DF3442 /* AppDelegate.swift in Sources */ = {isa = PBXBuildFile; fileRef = 7CCCFB8919685D9200DF3442 /* AppDelegate.swift */; };
		7CCCFB8C19685D9200DF3442 /* Images.xcassets in Resources */ = {isa = PBXBuildFile; fileRef = 7CCCFB8B19685D9200DF3442 /* Images.xcassets */; };
		7CDD82431ADEBB5400B85825 /* NSURLSessionTaskSqrl.swift in Sources */ = {isa = PBXBuildFile; fileRef = 7C277FA31ADD670B00F6863B /* NSURLSessionTaskSqrl.swift */; };
		7CDD82441ADEBB5600B85825 /* NSURLSqrl.swift in Sources */ = {isa = PBXBuildFile; fileRef = 7C6C08731ADB171200AF344B /* NSURLSqrl.swift */; };
		7CDD82471ADEBE7800B85825 /* NSDataSqrlServerMessage.swift in Sources */ = {isa = PBXBuildFile; fileRef = 7CDD82461ADEBE7800B85825 /* NSDataSqrlServerMessage.swift */; };
		7CDD82481ADECDB500B85825 /* NSDataBase64URL.swift in Sources */ = {isa = PBXBuildFile; fileRef = 7C6C08751ADB1CF700AF344B /* NSDataBase64URL.swift */; };
		7CDD82491ADECDB700B85825 /* StringBase64URL.swift in Sources */ = {isa = PBXBuildFile; fileRef = 7C277FA51ADE59D100F6863B /* StringBase64URL.swift */; };
		7CDD824B1ADFCF2600B85825 /* StringSqrlServerMessage.swift in Sources */ = {isa = PBXBuildFile; fileRef = 7CDD824A1ADFCF2600B85825 /* StringSqrlServerMessage.swift */; };
		7CDD824C1ADFCFD500B85825 /* StringSqrlServerMessage.swift in Sources */ = {isa = PBXBuildFile; fileRef = 7CDD824A1ADFCF2600B85825 /* StringSqrlServerMessage.swift */; };
		7CDD824D1ADFCFF900B85825 /* NSDataSqrlServerMessage.swift in Sources */ = {isa = PBXBuildFile; fileRef = 7CDD82461ADEBE7800B85825 /* NSDataSqrlServerMessage.swift */; };
		7CED8BB21A7AA64D004C4B56 /* NSDataXOR.swift in Sources */ = {isa = PBXBuildFile; fileRef = 7CED8BB11A7AA64D004C4B56 /* NSDataXOR.swift */; };
		7CED8BB41A7AACE5004C4B56 /* NSDataXOR.swift in Sources */ = {isa = PBXBuildFile; fileRef = 7CED8BB11A7AA64D004C4B56 /* NSDataXOR.swift */; };
		7CEF30161A85D05700906534 /* NSStringRescueCode.swift in Sources */ = {isa = PBXBuildFile; fileRef = 7CEF30151A85D05700906534 /* NSStringRescueCode.swift */; };
		7CEF301C1A85D30300906534 /* BigNumberArithmetic.swift in Sources */ = {isa = PBXBuildFile; fileRef = 7CEF301B1A85D30300906534 /* BigNumberArithmetic.swift */; };
		7CEF301E1A85E27600906534 /* NSDataSecureZero.swift in Sources */ = {isa = PBXBuildFile; fileRef = 7CEF301D1A85E27600906534 /* NSDataSecureZero.swift */; };
		7CEF44CC1AE53B7000B15CBF /* NSURLSessionSqrl.swift in Sources */ = {isa = PBXBuildFile; fileRef = 7CEF44CB1AE53B7000B15CBF /* NSURLSessionSqrl.swift */; };
		7CEF44CD1AE544FE00B15CBF /* NSURLSessionSqrl.swift in Sources */ = {isa = PBXBuildFile; fileRef = 7CEF44CB1AE53B7000B15CBF /* NSURLSessionSqrl.swift */; };
		7CF72ABB1A88C2EA0070D512 /* EnHash.swift in Sources */ = {isa = PBXBuildFile; fileRef = 7CF72ABA1A88C2EA0070D512 /* EnHash.swift */; };
		7CF72ABD1A88C45E0070D512 /* Sha256.swift in Sources */ = {isa = PBXBuildFile; fileRef = 7CF72ABC1A88C45E0070D512 /* Sha256.swift */; };
		7CF72ADF1A890DED0070D512 /* GCMStoreCreator.swift in Sources */ = {isa = PBXBuildFile; fileRef = 7CF72ADE1A890DED0070D512 /* GCMStoreCreator.swift */; };
		7CF72AE31A891C2F0070D512 /* XORStoreCreator.swift in Sources */ = {isa = PBXBuildFile; fileRef = 7CF72AE21A891C2F0070D512 /* XORStoreCreator.swift */; };
		AA32FAA578F2246C685C15C5 /* libPods.a in Frameworks */ = {isa = PBXBuildFile; fileRef = F68D602F74D33DC7D38BAA36 /* libPods.a */; };
		B6BA48FC7CA346D7A0E3D573 /* libPods.a in Frameworks */ = {isa = PBXBuildFile; fileRef = F68D602F74D33DC7D38BAA36 /* libPods.a */; };
/* End PBXBuildFile section */

/* Begin PBXContainerItemProxy section */
		7CA51DE61AE3DBE0002E9F45 /* PBXContainerItemProxy */ = {
			isa = PBXContainerItemProxy;
			containerPortal = 7CCCFB7C19685D9200DF3442 /* Project object */;
			proxyType = 1;
			remoteGlobalIDString = 7CA51DDD1AE3DBDF002E9F45;
			remoteInfo = stashAction;
		};
		7CCCFB9219685D9200DF3442 /* PBXContainerItemProxy */ = {
			isa = PBXContainerItemProxy;
			containerPortal = 7CCCFB7C19685D9200DF3442 /* Project object */;
			proxyType = 1;
			remoteGlobalIDString = 7CCCFB8319685D9200DF3442;
			remoteInfo = stash;
		};
/* End PBXContainerItemProxy section */

/* Begin PBXCopyFilesBuildPhase section */
		7CA51DEC1AE3DBE0002E9F45 /* Embed App Extensions */ = {
			isa = PBXCopyFilesBuildPhase;
			buildActionMask = 2147483647;
			dstPath = "";
			dstSubfolderSpec = 13;
			files = (
				7CA51DE81AE3DBE0002E9F45 /* stashAction.appex in Embed App Extensions */,
			);
			name = "Embed App Extensions";
			runOnlyForDeploymentPostprocessing = 0;
		};
/* End PBXCopyFilesBuildPhase section */

/* Begin PBXFileReference section */
		7B0CFA08E5E4B2C2AAFB0FA7 /* Pods.debug.xcconfig */ = {isa = PBXFileReference; includeInIndex = 1; lastKnownFileType = text.xcconfig; name = Pods.debug.xcconfig; path = "Pods/Target Support Files/Pods/Pods.debug.xcconfig"; sourceTree = "<group>"; };
		7C1236801A8B491500758416 /* XORStorePasswordManagement.swift */ = {isa = PBXFileReference; fileEncoding = 4; lastKnownFileType = sourcecode.swift; path = XORStorePasswordManagement.swift; sourceTree = "<group>"; };
		7C277F9D1ADC660700F6863B /* ContextDriven.swift */ = {isa = PBXFileReference; fileEncoding = 4; lastKnownFileType = sourcecode.swift; path = ContextDriven.swift; sourceTree = "<group>"; };
		7C277FA31ADD670B00F6863B /* NSURLSessionTaskSqrl.swift */ = {isa = PBXFileReference; fileEncoding = 4; lastKnownFileType = sourcecode.swift; path = NSURLSessionTaskSqrl.swift; sourceTree = "<group>"; };
		7C277FA51ADE59D100F6863B /* StringBase64URL.swift */ = {isa = PBXFileReference; fileEncoding = 4; lastKnownFileType = sourcecode.swift; path = StringBase64URL.swift; sourceTree = "<group>"; };
		7C2AF2A91A72AD1500B48192 /* Model.xcdatamodel */ = {isa = PBXFileReference; lastKnownFileType = wrapper.xcdatamodel; path = Model.xcdatamodel; sourceTree = "<group>"; };
		7C2AF2B41A72B4D300B48192 /* IdentityCreator.swift */ = {isa = PBXFileReference; fileEncoding = 4; lastKnownFileType = sourcecode.swift; path = IdentityCreator.swift; sourceTree = "<group>"; };
		7C2B901C1A28035E009F0589 /* CoreMotionSingleton.swift */ = {isa = PBXFileReference; fileEncoding = 4; lastKnownFileType = sourcecode.swift; path = CoreMotionSingleton.swift; sourceTree = "<group>"; };
		7C2B90221A2806E2009F0589 /* CoreMotionSingletonTests.swift */ = {isa = PBXFileReference; fileEncoding = 4; lastKnownFileType = sourcecode.swift; path = CoreMotionSingletonTests.swift; sourceTree = "<group>"; };
		7C2B90251A280B05009F0589 /* GyroHarvester.swift */ = {isa = PBXFileReference; fileEncoding = 4; lastKnownFileType = sourcecode.swift; path = GyroHarvester.swift; sourceTree = "<group>"; };
		7C2B90271A280B84009F0589 /* AccelerometerHarvester.swift */ = {isa = PBXFileReference; fileEncoding = 4; lastKnownFileType = sourcecode.swift; path = AccelerometerHarvester.swift; sourceTree = "<group>"; };
		7C2B90291A281DD0009F0589 /* NSDataFromMultipleObjects.swift */ = {isa = PBXFileReference; fileEncoding = 4; lastKnownFileType = sourcecode.swift; path = NSDataFromMultipleObjects.swift; sourceTree = "<group>"; };
		7C2B902B1A2829A3009F0589 /* NSOperationQueueSafeSetGet.swift */ = {isa = PBXFileReference; fileEncoding = 4; lastKnownFileType = sourcecode.swift; path = NSOperationQueueSafeSetGet.swift; sourceTree = "<group>"; };
		7C2B902D1A282BA5009F0589 /* NSOperationQueueHelper.swift */ = {isa = PBXFileReference; fileEncoding = 4; lastKnownFileType = sourcecode.swift; path = NSOperationQueueHelper.swift; sourceTree = "<group>"; };
		7C2B902F1A2832DE009F0589 /* EntropyMachine.swift */ = {isa = PBXFileReference; fileEncoding = 4; lastKnownFileType = sourcecode.swift; path = EntropyMachine.swift; sourceTree = "<group>"; };
		7C3182E71A8837C900DD5DE0 /* gcmEncryptExtIV256.rsp */ = {isa = PBXFileReference; fileEncoding = 4; lastKnownFileType = text; path = gcmEncryptExtIV256.rsp; sourceTree = "<group>"; };
		7C3420AF1AD850A200338126 /* IdentityViewController.swift */ = {isa = PBXFileReference; fileEncoding = 4; lastKnownFileType = sourcecode.swift; path = IdentityViewController.swift; sourceTree = "<group>"; };
		7C3420C21AD8AA8100338126 /* OptionalOperatorChaining.swift */ = {isa = PBXFileReference; fileEncoding = 4; lastKnownFileType = sourcecode.swift; path = OptionalOperatorChaining.swift; sourceTree = "<group>"; };
		7C3863211AE7EDF200CA822C /* CameraPreviewView.swift */ = {isa = PBXFileReference; fileEncoding = 4; lastKnownFileType = sourcecode.swift; path = CameraPreviewView.swift; sourceTree = "<group>"; };
		7C3863241AE84FBB00CA822C /* UIAlertControllerHelper.swift */ = {isa = PBXFileReference; fileEncoding = 4; lastKnownFileType = sourcecode.swift; path = UIAlertControllerHelper.swift; sourceTree = "<group>"; };
		7C3F12861A88666A0066E453 /* NSStringDataFromHex.swift */ = {isa = PBXFileReference; fileEncoding = 4; lastKnownFileType = sourcecode.swift; path = NSStringDataFromHex.swift; sourceTree = "<group>"; };
		7C3F12891A8885140066E453 /* gcmDecrypt256.rsp */ = {isa = PBXFileReference; fileEncoding = 4; lastKnownFileType = text; path = gcmDecrypt256.rsp; sourceTree = "<group>"; };
		7C43F4EE1AE0FD1500E4AC51 /* XORStoreKeychain.swift */ = {isa = PBXFileReference; fileEncoding = 4; lastKnownFileType = sourcecode.swift; path = XORStoreKeychain.swift; sourceTree = "<group>"; };
		7C43F4F01AE1273900E4AC51 /* LocalAuthentication.framework */ = {isa = PBXFileReference; lastKnownFileType = wrapper.framework; name = LocalAuthentication.framework; path = System/Library/Frameworks/LocalAuthentication.framework; sourceTree = SDKROOT; };
		7C446C351AD82B7000201228 /* OpenSSLUtilities.swift */ = {isa = PBXFileReference; fileEncoding = 4; lastKnownFileType = sourcecode.swift; path = OpenSSLUtilities.swift; sourceTree = "<group>"; };
		7C499BB01AB7B036005B2DD2 /* NSManagedObjectContextHelper.swift */ = {isa = PBXFileReference; fileEncoding = 4; lastKnownFileType = sourcecode.swift; path = NSManagedObjectContextHelper.swift; sourceTree = "<group>"; };
		7C49EB381A1146A500023BE0 /* Storyboard.storyboard */ = {isa = PBXFileReference; fileEncoding = 4; lastKnownFileType = file.storyboard; path = Storyboard.storyboard; sourceTree = "<group>"; };
		7C4C96D11AE940AB00ED3722 /* IdentityCell.swift */ = {isa = PBXFileReference; fileEncoding = 4; lastKnownFileType = sourcecode.swift; path = IdentityCell.swift; sourceTree = "<group>"; };
		7C4C96D51AE9432100ED3722 /* IdentityCollectionViewController.swift */ = {isa = PBXFileReference; fileEncoding = 4; lastKnownFileType = sourcecode.swift; path = IdentityCollectionViewController.swift; sourceTree = "<group>"; };
		7C4C96D91AE9452000ED3722 /* SqrlLinkDataSource.swift */ = {isa = PBXFileReference; fileEncoding = 4; lastKnownFileType = sourcecode.swift; path = SqrlLinkDataSource.swift; sourceTree = "<group>"; };
		7C57084D1A861EC20090EDB5 /* AESGCMTests.swift */ = {isa = PBXFileReference; fileEncoding = 4; lastKnownFileType = sourcecode.swift; path = AESGCMTests.swift; sourceTree = "<group>"; };
		7C5857951AE42C90008442DE /* stashAction-Bridging-Header.h */ = {isa = PBXFileReference; lastKnownFileType = sourcecode.c.h; path = "stashAction-Bridging-Header.h"; sourceTree = "<group>"; };
		7C5C1E3B1A755837009B92F7 /* QRScannerViewController.swift */ = {isa = PBXFileReference; fileEncoding = 4; lastKnownFileType = sourcecode.swift; path = QRScannerViewController.swift; sourceTree = "<group>"; };
		7C5C1E3D1A7558C9009B92F7 /* AuthenticationViewController.swift */ = {isa = PBXFileReference; fileEncoding = 4; lastKnownFileType = sourcecode.swift; path = AuthenticationViewController.swift; sourceTree = "<group>"; };
		7C5C1E3F1A755C52009B92F7 /* IdentitySelectorViewController.swift */ = {isa = PBXFileReference; fileEncoding = 4; lastKnownFileType = sourcecode.swift; path = IdentitySelectorViewController.swift; sourceTree = "<group>"; };
		7C5C1E441A75AA93009B92F7 /* IdentityHolderProtocol.swift */ = {isa = PBXFileReference; fileEncoding = 4; lastKnownFileType = sourcecode.swift; path = IdentityHolderProtocol.swift; sourceTree = "<group>"; };
		7C5C1E461A75D511009B92F7 /* ScryptTests.swift */ = {isa = PBXFileReference; fileEncoding = 4; lastKnownFileType = sourcecode.swift; path = ScryptTests.swift; sourceTree = "<group>"; };
		7C6535E71A29505A00ABA772 /* GyroHarvesterTests.swift */ = {isa = PBXFileReference; fileEncoding = 4; lastKnownFileType = sourcecode.swift; path = GyroHarvesterTests.swift; sourceTree = "<group>"; };
		7C6C08731ADB171200AF344B /* NSURLSqrl.swift */ = {isa = PBXFileReference; fileEncoding = 4; lastKnownFileType = sourcecode.swift; path = NSURLSqrl.swift; sourceTree = "<group>"; };
		7C6C08751ADB1CF700AF344B /* NSDataBase64URL.swift */ = {isa = PBXFileReference; fileEncoding = 4; lastKnownFileType = sourcecode.swift; path = NSDataBase64URL.swift; sourceTree = "<group>"; };
		7C7A5D071A76F2500062515A /* EnScryptTests.swift */ = {isa = PBXFileReference; fileEncoding = 4; lastKnownFileType = sourcecode.swift; path = EnScryptTests.swift; sourceTree = "<group>"; };
		7C7D29E91AE13A6E0023E4E8 /* SettingsCreator.swift */ = {isa = PBXFileReference; fileEncoding = 4; lastKnownFileType = sourcecode.swift; path = SettingsCreator.swift; sourceTree = "<group>"; };
		7C87AAA81A2834ED00DC3EC7 /* EntropyHarvester.swift */ = {isa = PBXFileReference; fileEncoding = 4; lastKnownFileType = sourcecode.swift; path = EntropyHarvester.swift; sourceTree = "<group>"; };
		7C881DA31A76E14F0017B785 /* Ed25519.swift */ = {isa = PBXFileReference; fileEncoding = 4; lastKnownFileType = sourcecode.swift; path = Ed25519.swift; sourceTree = "<group>"; };
		7C881DA51A76E1880017B785 /* HmacSha256.swift */ = {isa = PBXFileReference; fileEncoding = 4; lastKnownFileType = sourcecode.swift; path = HmacSha256.swift; sourceTree = "<group>"; };
		7C881DA71A76E1B00017B785 /* Sha512.swift */ = {isa = PBXFileReference; fileEncoding = 4; lastKnownFileType = sourcecode.swift; path = Sha512.swift; sourceTree = "<group>"; };
		7C881DA91A76E1E60017B785 /* SodiumUtilities.swift */ = {isa = PBXFileReference; fileEncoding = 4; lastKnownFileType = sourcecode.swift; path = SodiumUtilities.swift; sourceTree = "<group>"; };
		7C881DAB1A76E20B0017B785 /* Scrypt.swift */ = {isa = PBXFileReference; fileEncoding = 4; lastKnownFileType = sourcecode.swift; path = Scrypt.swift; sourceTree = "<group>"; };
		7C881DAD1A76E22D0017B785 /* EnScrypt.swift */ = {isa = PBXFileReference; fileEncoding = 4; lastKnownFileType = sourcecode.swift; path = EnScrypt.swift; sourceTree = "<group>"; };
		7C8A5E671AE404A500F42EEC /* Action.js */ = {isa = PBXFileReference; fileEncoding = 4; lastKnownFileType = sourcecode.javascript; path = Action.js; sourceTree = "<group>"; };
		7C8B0D551AE6B1B4008A8041 /* MBProgressHUDStash.swift */ = {isa = PBXFileReference; fileEncoding = 4; lastKnownFileType = sourcecode.swift; path = MBProgressHUDStash.swift; sourceTree = "<group>"; };
		7C9336941A8B982D00D3E53B /* SecureStoreAbstract.swift */ = {isa = PBXFileReference; fileEncoding = 4; lastKnownFileType = sourcecode.swift; path = SecureStoreAbstract.swift; sourceTree = "<group>"; };
		7C93BCB11AE2DEED005EC6CC /* ServerMessage.swift */ = {isa = PBXFileReference; fileEncoding = 4; lastKnownFileType = sourcecode.swift; path = ServerMessage.swift; sourceTree = "<group>"; };
		7C957EC01AD96F4100E4E040 /* IdentityManagementTableViewController.swift */ = {isa = PBXFileReference; fileEncoding = 4; lastKnownFileType = sourcecode.swift; path = IdentityManagementTableViewController.swift; sourceTree = "<group>"; };
		7C957EC21AD96FD100E4E040 /* IdentityFetchedResultsController.swift */ = {isa = PBXFileReference; fileEncoding = 4; lastKnownFileType = sourcecode.swift; path = IdentityFetchedResultsController.swift; sourceTree = "<group>"; };
		7CA1C9CD1A8730F600CC0A97 /* AesGcm.swift */ = {isa = PBXFileReference; fileEncoding = 4; lastKnownFileType = sourcecode.swift; path = AesGcm.swift; sourceTree = "<group>"; };
		7CA20BBD1A72DA290021B631 /* NSManagedObjectHelper.swift */ = {isa = PBXFileReference; fileEncoding = 4; lastKnownFileType = sourcecode.swift; path = NSManagedObjectHelper.swift; sourceTree = "<group>"; };
		7CA20BBF1A72E1580021B631 /* Stash.swift */ = {isa = PBXFileReference; fileEncoding = 4; lastKnownFileType = sourcecode.swift; path = Stash.swift; sourceTree = "<group>"; };
		7CA20BC21A73ED830021B631 /* IdentityGenerationViewController.swift */ = {isa = PBXFileReference; fileEncoding = 4; lastKnownFileType = sourcecode.swift; path = IdentityGenerationViewController.swift; sourceTree = "<group>"; };
		7CA20BC41A742E100021B631 /* RescueCodeViewController.swift */ = {isa = PBXFileReference; fileEncoding = 4; lastKnownFileType = sourcecode.swift; path = RescueCodeViewController.swift; sourceTree = "<group>"; };
		7CA20BCA1A7436B60021B631 /* StashSingletonTests.swift */ = {isa = PBXFileReference; fileEncoding = 4; lastKnownFileType = sourcecode.swift; path = StashSingletonTests.swift; sourceTree = "<group>"; };
		7CA20BD31A7448130021B631 /* EntropyMachineTests.swift */ = {isa = PBXFileReference; fileEncoding = 4; lastKnownFileType = sourcecode.swift; path = EntropyMachineTests.swift; sourceTree = "<group>"; };
		7CA51DDE1AE3DBDF002E9F45 /* stashAction.appex */ = {isa = PBXFileReference; explicitFileType = "wrapper.app-extension"; includeInIndex = 0; path = stashAction.appex; sourceTree = BUILT_PRODUCTS_DIR; };
		7CA51DE11AE3DBE0002E9F45 /* Info.plist */ = {isa = PBXFileReference; lastKnownFileType = text.plist.xml; path = Info.plist; sourceTree = "<group>"; };
		7CA51DE21AE3DBE0002E9F45 /* ActionViewController.swift */ = {isa = PBXFileReference; lastKnownFileType = sourcecode.swift; path = ActionViewController.swift; sourceTree = "<group>"; };
		7CA51DE41AE3DBE0002E9F45 /* MainInterface.storyboard */ = {isa = PBXFileReference; lastKnownFileType = file.storyboard; path = MainInterface.storyboard; sourceTree = "<group>"; };
		7CA51DED1AE3E634002E9F45 /* stash.entitlements */ = {isa = PBXFileReference; lastKnownFileType = text.xml; path = stash.entitlements; sourceTree = "<group>"; };
		7CA51DEE1AE3E739002E9F45 /* stashAction.entitlements */ = {isa = PBXFileReference; lastKnownFileType = text.xml; path = stashAction.entitlements; sourceTree = "<group>"; };
		7CA51DF31AE3ED45002E9F45 /* Images.xcassets */ = {isa = PBXFileReference; lastKnownFileType = folder.assetcatalog; path = Images.xcassets; sourceTree = "<group>"; };
		7CA595181A297EE60047015A /* AccelerometerHarvesterTests.swift */ = {isa = PBXFileReference; fileEncoding = 4; lastKnownFileType = sourcecode.swift; path = AccelerometerHarvesterTests.swift; sourceTree = "<group>"; };
		7CAFACD41ADC231D00C077BC /* CoreDataTestCase.swift */ = {isa = PBXFileReference; fileEncoding = 4; lastKnownFileType = sourcecode.swift; path = CoreDataTestCase.swift; sourceTree = "<group>"; };
		7CAFACD61ADC24D700C077BC /* XORTests.swift */ = {isa = PBXFileReference; fileEncoding = 4; lastKnownFileType = sourcecode.swift; path = XORTests.swift; sourceTree = "<group>"; };
		7CB285591A8BC9960019A2EC /* Settings.swift */ = {isa = PBXFileReference; fileEncoding = 4; lastKnownFileType = sourcecode.swift; path = Settings.swift; sourceTree = "<group>"; };
		7CB2855C1A8BC9970019A2EC /* XORStore.swift */ = {isa = PBXFileReference; fileEncoding = 4; lastKnownFileType = sourcecode.swift; path = XORStore.swift; sourceTree = "<group>"; };
		7CB2855F1A8BC9970019A2EC /* Identity.swift */ = {isa = PBXFileReference; fileEncoding = 4; lastKnownFileType = sourcecode.swift; path = Identity.swift; sourceTree = "<group>"; };
		7CB285621A8BC9970019A2EC /* SecureStore.swift */ = {isa = PBXFileReference; fileEncoding = 4; lastKnownFileType = sourcecode.swift; path = SecureStore.swift; sourceTree = "<group>"; };
		7CB285651A8BC9970019A2EC /* GCMStore.swift */ = {isa = PBXFileReference; fileEncoding = 4; lastKnownFileType = sourcecode.swift; path = GCMStore.swift; sourceTree = "<group>"; };
		7CCCFB8419685D9200DF3442 /* stash.app */ = {isa = PBXFileReference; explicitFileType = wrapper.application; includeInIndex = 0; path = stash.app; sourceTree = BUILT_PRODUCTS_DIR; };
		7CCCFB8819685D9200DF3442 /* Info.plist */ = {isa = PBXFileReference; lastKnownFileType = text.plist.xml; path = Info.plist; sourceTree = "<group>"; };
		7CCCFB8919685D9200DF3442 /* AppDelegate.swift */ = {isa = PBXFileReference; lastKnownFileType = sourcecode.swift; path = AppDelegate.swift; sourceTree = "<group>"; };
		7CCCFB8B19685D9200DF3442 /* Images.xcassets */ = {isa = PBXFileReference; lastKnownFileType = folder.assetcatalog; path = Images.xcassets; sourceTree = "<group>"; };
		7CCCFB9119685D9200DF3442 /* stashTests.xctest */ = {isa = PBXFileReference; explicitFileType = wrapper.cfbundle; includeInIndex = 0; path = stashTests.xctest; sourceTree = BUILT_PRODUCTS_DIR; };
		7CCCFB9619685D9200DF3442 /* Info.plist */ = {isa = PBXFileReference; lastKnownFileType = text.plist.xml; path = Info.plist; sourceTree = "<group>"; };
		7CDD82461ADEBE7800B85825 /* NSDataSqrlServerMessage.swift */ = {isa = PBXFileReference; fileEncoding = 4; lastKnownFileType = sourcecode.swift; path = NSDataSqrlServerMessage.swift; sourceTree = "<group>"; };
		7CDD824A1ADFCF2600B85825 /* StringSqrlServerMessage.swift */ = {isa = PBXFileReference; fileEncoding = 4; lastKnownFileType = sourcecode.swift; path = StringSqrlServerMessage.swift; sourceTree = "<group>"; };
		7CED8BB11A7AA64D004C4B56 /* NSDataXOR.swift */ = {isa = PBXFileReference; fileEncoding = 4; lastKnownFileType = sourcecode.swift; path = NSDataXOR.swift; sourceTree = "<group>"; };
		7CEF30151A85D05700906534 /* NSStringRescueCode.swift */ = {isa = PBXFileReference; fileEncoding = 4; lastKnownFileType = sourcecode.swift; path = NSStringRescueCode.swift; sourceTree = "<group>"; };
		7CEF301B1A85D30300906534 /* BigNumberArithmetic.swift */ = {isa = PBXFileReference; fileEncoding = 4; lastKnownFileType = sourcecode.swift; path = BigNumberArithmetic.swift; sourceTree = "<group>"; };
		7CEF301D1A85E27600906534 /* NSDataSecureZero.swift */ = {isa = PBXFileReference; fileEncoding = 4; lastKnownFileType = sourcecode.swift; path = NSDataSecureZero.swift; sourceTree = "<group>"; };
		7CEF44CB1AE53B7000B15CBF /* NSURLSessionSqrl.swift */ = {isa = PBXFileReference; fileEncoding = 4; lastKnownFileType = sourcecode.swift; path = NSURLSessionSqrl.swift; sourceTree = "<group>"; };
		7CF02F9F1A0BB3C600C88B32 /* stash-bridging-header.h */ = {isa = PBXFileReference; lastKnownFileType = sourcecode.c.h; path = "stash-bridging-header.h"; sourceTree = "<group>"; };
		7CF72ABA1A88C2EA0070D512 /* EnHash.swift */ = {isa = PBXFileReference; fileEncoding = 4; lastKnownFileType = sourcecode.swift; path = EnHash.swift; sourceTree = "<group>"; };
		7CF72ABC1A88C45E0070D512 /* Sha256.swift */ = {isa = PBXFileReference; fileEncoding = 4; lastKnownFileType = sourcecode.swift; path = Sha256.swift; sourceTree = "<group>"; };
		7CF72ADE1A890DED0070D512 /* GCMStoreCreator.swift */ = {isa = PBXFileReference; fileEncoding = 4; lastKnownFileType = sourcecode.swift; path = GCMStoreCreator.swift; sourceTree = "<group>"; };
		7CF72AE21A891C2F0070D512 /* XORStoreCreator.swift */ = {isa = PBXFileReference; fileEncoding = 4; lastKnownFileType = sourcecode.swift; path = XORStoreCreator.swift; sourceTree = "<group>"; };
		E74BAC5D4020597919028F4D /* Pods.release.xcconfig */ = {isa = PBXFileReference; includeInIndex = 1; lastKnownFileType = text.xcconfig; name = Pods.release.xcconfig; path = "Pods/Target Support Files/Pods/Pods.release.xcconfig"; sourceTree = "<group>"; };
		F68D602F74D33DC7D38BAA36 /* libPods.a */ = {isa = PBXFileReference; explicitFileType = archive.ar; includeInIndex = 0; path = libPods.a; sourceTree = BUILT_PRODUCTS_DIR; };
/* End PBXFileReference section */

/* Begin PBXFrameworksBuildPhase section */
		7CA51DDB1AE3DBDF002E9F45 /* Frameworks */ = {
			isa = PBXFrameworksBuildPhase;
			buildActionMask = 2147483647;
			files = (
				B6BA48FC7CA346D7A0E3D573 /* libPods.a in Frameworks */,
			);
			runOnlyForDeploymentPostprocessing = 0;
		};
		7CCCFB8119685D9200DF3442 /* Frameworks */ = {
			isa = PBXFrameworksBuildPhase;
			buildActionMask = 2147483647;
			files = (
				7C43F4F11AE1273900E4AC51 /* LocalAuthentication.framework in Frameworks */,
				29E55CBAC52ED55E37922E57 /* libPods.a in Frameworks */,
			);
			runOnlyForDeploymentPostprocessing = 0;
		};
		7CCCFB8E19685D9200DF3442 /* Frameworks */ = {
			isa = PBXFrameworksBuildPhase;
			buildActionMask = 2147483647;
			files = (
				AA32FAA578F2246C685C15C5 /* libPods.a in Frameworks */,
			);
			runOnlyForDeploymentPostprocessing = 0;
		};
/* End PBXFrameworksBuildPhase section */

/* Begin PBXGroup section */
		7C2AF2AB1A72ADAA00B48192 /* Model */ = {
			isa = PBXGroup;
			children = (
				7C2AF2A81A72AD1500B48192 /* Model.xcdatamodeld */,
				7CA20BBD1A72DA290021B631 /* NSManagedObjectHelper.swift */,
				7CB285651A8BC9970019A2EC /* GCMStore.swift */,
				7CB2855F1A8BC9970019A2EC /* Identity.swift */,
				7CB285621A8BC9970019A2EC /* SecureStore.swift */,
				7CB285591A8BC9960019A2EC /* Settings.swift */,
				7CB2855C1A8BC9970019A2EC /* XORStore.swift */,
				7CF72AE41A891C610070D512 /* Identity */,
				7C9336931A8B976200D3E53B /* SecureStore */,
				7CF72AE51A891C770070D512 /* XORStore */,
				7CF72AE61A891C8E0070D512 /* GCMStore */,
				7C7D29E81AE13A570023E4E8 /* Settings */,
				7C93BCB01AE2DEC6005EC6CC /* Server Response */,
			);
			name = Model;
			sourceTree = "<group>";
		};
		7C2AF2AC1A72ADB800B48192 /* Views */ = {
			isa = PBXGroup;
			children = (
				7C49EB381A1146A500023BE0 /* Storyboard.storyboard */,
				7C3863211AE7EDF200CA822C /* CameraPreviewView.swift */,
				7C4C96D11AE940AB00ED3722 /* IdentityCell.swift */,
			);
			name = Views;
			sourceTree = "<group>";
		};
		7C2B901F1A2805F8009F0589 /* Utilities */ = {
			isa = PBXGroup;
			children = (
				7C3863231AE84F9600CA822C /* UIAlertController Extensions */,
				7C8B0D541AE6B17E008A8041 /* MBProgressHud Extensions */,
				7C8B0D531AE6B10F008A8041 /* NSManagedContext Extensions */,
				7C8B0D521AE6B0DD008A8041 /* NSOperationQueue Extensions */,
				7C8B0D511AE6B0C7008A8041 /* NSData Extensions */,
				7C8B0D501AE6B0A7008A8041 /* String Extensions */,
				7C6C08721ADB16EF00AF344B /* SQRLProtocol */,
				7CED8BB31A7AA8E5004C4B56 /* Operators */,
				7C881DA21A76E0FB0017B785 /* Crypto */,
				7C2B90211A280633009F0589 /* Core Motion Extensions */,
				7C2B90201A280618009F0589 /* Entropy Havesting */,
			);
			name = Utilities;
			sourceTree = "<group>";
		};
		7C2B90201A280618009F0589 /* Entropy Havesting */ = {
			isa = PBXGroup;
			children = (
				7C2B902F1A2832DE009F0589 /* EntropyMachine.swift */,
				7C87AAA81A2834ED00DC3EC7 /* EntropyHarvester.swift */,
				7C2B90251A280B05009F0589 /* GyroHarvester.swift */,
				7C2B90271A280B84009F0589 /* AccelerometerHarvester.swift */,
			);
			name = "Entropy Havesting";
			sourceTree = "<group>";
		};
		7C2B90211A280633009F0589 /* Core Motion Extensions */ = {
			isa = PBXGroup;
			children = (
				7C2B901C1A28035E009F0589 /* CoreMotionSingleton.swift */,
			);
			name = "Core Motion Extensions";
			sourceTree = "<group>";
		};
		7C3420B21AD8540E00338126 /* Protocols */ = {
			isa = PBXGroup;
			children = (
				7C277F9D1ADC660700F6863B /* ContextDriven.swift */,
				7C4C96D91AE9452000ED3722 /* SqrlLinkDataSource.swift */,
			);
			name = Protocols;
			sourceTree = "<group>";
		};
		7C3863231AE84F9600CA822C /* UIAlertController Extensions */ = {
			isa = PBXGroup;
			children = (
				7C3863241AE84FBB00CA822C /* UIAlertControllerHelper.swift */,
			);
			name = "UIAlertController Extensions";
			sourceTree = "<group>";
		};
		7C6C08721ADB16EF00AF344B /* SQRLProtocol */ = {
			isa = PBXGroup;
			children = (
				7C6C08731ADB171200AF344B /* NSURLSqrl.swift */,
				7C277FA31ADD670B00F6863B /* NSURLSessionTaskSqrl.swift */,
				7CDD82461ADEBE7800B85825 /* NSDataSqrlServerMessage.swift */,
				7CDD824A1ADFCF2600B85825 /* StringSqrlServerMessage.swift */,
				7CEF44CB1AE53B7000B15CBF /* NSURLSessionSqrl.swift */,
			);
			name = SQRLProtocol;
			sourceTree = "<group>";
		};
		7C7D29E81AE13A570023E4E8 /* Settings */ = {
			isa = PBXGroup;
			children = (
				7C7D29E91AE13A6E0023E4E8 /* SettingsCreator.swift */,
			);
			name = Settings;
			sourceTree = "<group>";
		};
		7C881DA21A76E0FB0017B785 /* Crypto */ = {
			isa = PBXGroup;
			children = (
				7CA1C9CC1A87304100CC0A97 /* OpenSSL */,
				7CEF30171A85D1DD00906534 /* Sodium */,
			);
			name = Crypto;
			sourceTree = "<group>";
		};
		7C8B0D501AE6B0A7008A8041 /* String Extensions */ = {
			isa = PBXGroup;
			children = (
				7CEF30151A85D05700906534 /* NSStringRescueCode.swift */,
				7C3F12861A88666A0066E453 /* NSStringDataFromHex.swift */,
				7C277FA51ADE59D100F6863B /* StringBase64URL.swift */,
			);
			name = "String Extensions";
			sourceTree = "<group>";
		};
		7C8B0D511AE6B0C7008A8041 /* NSData Extensions */ = {
			isa = PBXGroup;
			children = (
				7C6C08751ADB1CF700AF344B /* NSDataBase64URL.swift */,
				7C2B90291A281DD0009F0589 /* NSDataFromMultipleObjects.swift */,
				7CEF301D1A85E27600906534 /* NSDataSecureZero.swift */,
			);
			name = "NSData Extensions";
			sourceTree = "<group>";
		};
		7C8B0D521AE6B0DD008A8041 /* NSOperationQueue Extensions */ = {
			isa = PBXGroup;
			children = (
				7C2B902B1A2829A3009F0589 /* NSOperationQueueSafeSetGet.swift */,
				7C2B902D1A282BA5009F0589 /* NSOperationQueueHelper.swift */,
			);
			name = "NSOperationQueue Extensions";
			sourceTree = "<group>";
		};
		7C8B0D531AE6B10F008A8041 /* NSManagedContext Extensions */ = {
			isa = PBXGroup;
			children = (
				7C499BB01AB7B036005B2DD2 /* NSManagedObjectContextHelper.swift */,
			);
			name = "NSManagedContext Extensions";
			sourceTree = "<group>";
		};
		7C8B0D541AE6B17E008A8041 /* MBProgressHud Extensions */ = {
			isa = PBXGroup;
			children = (
				7C8B0D551AE6B1B4008A8041 /* MBProgressHUDStash.swift */,
			);
			name = "MBProgressHud Extensions";
			sourceTree = "<group>";
		};
		7C9336931A8B976200D3E53B /* SecureStore */ = {
			isa = PBXGroup;
			children = (
				7C9336941A8B982D00D3E53B /* SecureStoreAbstract.swift */,
			);
			name = SecureStore;
			sourceTree = "<group>";
		};
		7C93BCB01AE2DEC6005EC6CC /* Server Response */ = {
			isa = PBXGroup;
			children = (
				7C93BCB11AE2DEED005EC6CC /* ServerMessage.swift */,
			);
			name = "Server Response";
			sourceTree = "<group>";
		};
		7C957EBF1AD96ED500E4E040 /* Identity Management */ = {
			isa = PBXGroup;
			children = (
				7C957EC01AD96F4100E4E040 /* IdentityManagementTableViewController.swift */,
			);
			name = "Identity Management";
			sourceTree = "<group>";
		};
		7CA1C9CC1A87304100CC0A97 /* OpenSSL */ = {
			isa = PBXGroup;
			children = (
				7C446C351AD82B7000201228 /* OpenSSLUtilities.swift */,
				7CA1C9CD1A8730F600CC0A97 /* AesGcm.swift */,
				7CEF301B1A85D30300906534 /* BigNumberArithmetic.swift */,
			);
			name = OpenSSL;
			sourceTree = "<group>";
		};
		7CA20BC11A73ED380021B631 /* Controllers */ = {
			isa = PBXGroup;
			children = (
				7C5C1E3D1A7558C9009B92F7 /* AuthenticationViewController.swift */,
				7C5C1E3B1A755837009B92F7 /* QRScannerViewController.swift */,
				7C4C96D51AE9432100ED3722 /* IdentityCollectionViewController.swift */,
				7C5C1E3F1A755C52009B92F7 /* IdentitySelectorViewController.swift */,
				7C3420AF1AD850A200338126 /* IdentityViewController.swift */,
				7C957EBF1AD96ED500E4E040 /* Identity Management */,
				7CA20BC61A742E180021B631 /* Identity Creation */,
				7C3420B21AD8540E00338126 /* Protocols */,
			);
			name = Controllers;
			sourceTree = "<group>";
		};
		7CA20BC61A742E180021B631 /* Identity Creation */ = {
			isa = PBXGroup;
			children = (
				7CA20BC21A73ED830021B631 /* IdentityGenerationViewController.swift */,
				7CA20BC41A742E100021B631 /* RescueCodeViewController.swift */,
			);
			name = "Identity Creation";
			sourceTree = "<group>";
		};
		7CA51DDF1AE3DBDF002E9F45 /* stashAction */ = {
			isa = PBXGroup;
			children = (
				7CA51DE41AE3DBE0002E9F45 /* MainInterface.storyboard */,
				7CA51DE21AE3DBE0002E9F45 /* ActionViewController.swift */,
				7C8A5E671AE404A500F42EEC /* Action.js */,
				7CA51DE01AE3DBE0002E9F45 /* Supporting Files */,
			);
			path = stashAction;
			sourceTree = "<group>";
		};
		7CA51DE01AE3DBE0002E9F45 /* Supporting Files */ = {
			isa = PBXGroup;
			children = (
				7CA51DF31AE3ED45002E9F45 /* Images.xcassets */,
				7C5857951AE42C90008442DE /* stashAction-Bridging-Header.h */,
				7CA51DEE1AE3E739002E9F45 /* stashAction.entitlements */,
				7CA51DE11AE3DBE0002E9F45 /* Info.plist */,
			);
			name = "Supporting Files";
			sourceTree = "<group>";
		};
		7CCCFB7B19685D9200DF3442 = {
			isa = PBXGroup;
			children = (
				7CCCFB8619685D9200DF3442 /* stash */,
				7CCCFB9419685D9200DF3442 /* stashTests */,
				7CA51DDF1AE3DBDF002E9F45 /* stashAction */,
				7CCCFB8519685D9200DF3442 /* Products */,
				B1851165B4B387A99B892941 /* Pods */,
				D40AB57214049AA9FBD041A6 /* Frameworks */,
			);
			sourceTree = "<group>";
		};
		7CCCFB8519685D9200DF3442 /* Products */ = {
			isa = PBXGroup;
			children = (
				7CCCFB8419685D9200DF3442 /* stash.app */,
				7CCCFB9119685D9200DF3442 /* stashTests.xctest */,
				7CA51DDE1AE3DBDF002E9F45 /* stashAction.appex */,
			);
			name = Products;
			sourceTree = "<group>";
		};
		7CCCFB8619685D9200DF3442 /* stash */ = {
			isa = PBXGroup;
			children = (
				7CCCFB8919685D9200DF3442 /* AppDelegate.swift */,
				7CA20BBF1A72E1580021B631 /* Stash.swift */,
				7C2AF2AC1A72ADB800B48192 /* Views */,
				7CA20BC11A73ED380021B631 /* Controllers */,
				7C2AF2AB1A72ADAA00B48192 /* Model */,
				7C2B901F1A2805F8009F0589 /* Utilities */,
				7CCCFB8719685D9200DF3442 /* Supporting Files */,
			);
			path = stash;
			sourceTree = "<group>";
		};
		7CCCFB8719685D9200DF3442 /* Supporting Files */ = {
			isa = PBXGroup;
			children = (
				7CCCFB8B19685D9200DF3442 /* Images.xcassets */,
				7CF02F9F1A0BB3C600C88B32 /* stash-bridging-header.h */,
				7CA51DED1AE3E634002E9F45 /* stash.entitlements */,
				7CCCFB8819685D9200DF3442 /* Info.plist */,
			);
			name = "Supporting Files";
			sourceTree = "<group>";
		};
		7CCCFB9419685D9200DF3442 /* stashTests */ = {
			isa = PBXGroup;
			children = (
				7C2B90221A2806E2009F0589 /* CoreMotionSingletonTests.swift */,
				7C6535E71A29505A00ABA772 /* GyroHarvesterTests.swift */,
				7CA20BD31A7448130021B631 /* EntropyMachineTests.swift */,
				7CA595181A297EE60047015A /* AccelerometerHarvesterTests.swift */,
				7CA20BCA1A7436B60021B631 /* StashSingletonTests.swift */,
				7C5C1E461A75D511009B92F7 /* ScryptTests.swift */,
				7C7A5D071A76F2500062515A /* EnScryptTests.swift */,
				7C57084D1A861EC20090EDB5 /* AESGCMTests.swift */,
				7C3182E71A8837C900DD5DE0 /* gcmEncryptExtIV256.rsp */,
				7C3F12891A8885140066E453 /* gcmDecrypt256.rsp */,
				7CAFACD41ADC231D00C077BC /* CoreDataTestCase.swift */,
				7CAFACD61ADC24D700C077BC /* XORTests.swift */,
				7CCCFB9519685D9200DF3442 /* Supporting Files */,
			);
			path = stashTests;
			sourceTree = "<group>";
		};
		7CCCFB9519685D9200DF3442 /* Supporting Files */ = {
			isa = PBXGroup;
			children = (
				7CCCFB9619685D9200DF3442 /* Info.plist */,
			);
			name = "Supporting Files";
			sourceTree = "<group>";
		};
		7CED8BB31A7AA8E5004C4B56 /* Operators */ = {
			isa = PBXGroup;
			children = (
				7CED8BB11A7AA64D004C4B56 /* NSDataXOR.swift */,
				7C3420C21AD8AA8100338126 /* OptionalOperatorChaining.swift */,
			);
			name = Operators;
			sourceTree = "<group>";
		};
		7CEF30171A85D1DD00906534 /* Sodium */ = {
			isa = PBXGroup;
			children = (
				7C881DA91A76E1E60017B785 /* SodiumUtilities.swift */,
				7C881DA31A76E14F0017B785 /* Ed25519.swift */,
				7C881DA51A76E1880017B785 /* HmacSha256.swift */,
				7CF72ABC1A88C45E0070D512 /* Sha256.swift */,
				7C881DA71A76E1B00017B785 /* Sha512.swift */,
				7C881DAB1A76E20B0017B785 /* Scrypt.swift */,
				7C881DAD1A76E22D0017B785 /* EnScrypt.swift */,
				7CF72ABA1A88C2EA0070D512 /* EnHash.swift */,
			);
			name = Sodium;
			sourceTree = "<group>";
		};
		7CF72AE41A891C610070D512 /* Identity */ = {
			isa = PBXGroup;
			children = (
				7C2AF2B41A72B4D300B48192 /* IdentityCreator.swift */,
				7C5C1E441A75AA93009B92F7 /* IdentityHolderProtocol.swift */,
				7C957EC21AD96FD100E4E040 /* IdentityFetchedResultsController.swift */,
			);
			name = Identity;
			sourceTree = "<group>";
		};
		7CF72AE51A891C770070D512 /* XORStore */ = {
			isa = PBXGroup;
			children = (
				7CF72AE21A891C2F0070D512 /* XORStoreCreator.swift */,
				7C1236801A8B491500758416 /* XORStorePasswordManagement.swift */,
				7C43F4EE1AE0FD1500E4AC51 /* XORStoreKeychain.swift */,
			);
			name = XORStore;
			sourceTree = "<group>";
		};
		7CF72AE61A891C8E0070D512 /* GCMStore */ = {
			isa = PBXGroup;
			children = (
				7CF72ADE1A890DED0070D512 /* GCMStoreCreator.swift */,
			);
			name = GCMStore;
			sourceTree = "<group>";
		};
		B1851165B4B387A99B892941 /* Pods */ = {
			isa = PBXGroup;
			children = (
				7B0CFA08E5E4B2C2AAFB0FA7 /* Pods.debug.xcconfig */,
				E74BAC5D4020597919028F4D /* Pods.release.xcconfig */,
			);
			name = Pods;
			sourceTree = "<group>";
		};
		D40AB57214049AA9FBD041A6 /* Frameworks */ = {
			isa = PBXGroup;
			children = (
				7C43F4F01AE1273900E4AC51 /* LocalAuthentication.framework */,
				F68D602F74D33DC7D38BAA36 /* libPods.a */,
			);
			name = Frameworks;
			sourceTree = "<group>";
		};
/* End PBXGroup section */

/* Begin PBXNativeTarget section */
		7CA51DDD1AE3DBDF002E9F45 /* stashAction */ = {
			isa = PBXNativeTarget;
			buildConfigurationList = 7CA51DEB1AE3DBE0002E9F45 /* Build configuration list for PBXNativeTarget "stashAction" */;
			buildPhases = (
				7C5D7F817007B5248950514E /* Check Pods Manifest.lock */,
				7CA51DDA1AE3DBDF002E9F45 /* Sources */,
				7CA51DDB1AE3DBDF002E9F45 /* Frameworks */,
				7CA51DDC1AE3DBDF002E9F45 /* Resources */,
				54DC1A4D4A54D55FE4DBA1A3 /* Copy Pods Resources */,
			);
			buildRules = (
			);
			dependencies = (
			);
			name = stashAction;
			productName = stashAction;
			productReference = 7CA51DDE1AE3DBDF002E9F45 /* stashAction.appex */;
			productType = "com.apple.product-type.app-extension";
		};
		7CCCFB8319685D9200DF3442 /* stash */ = {
			isa = PBXNativeTarget;
			buildConfigurationList = 7CCCFB9B19685D9200DF3442 /* Build configuration list for PBXNativeTarget "stash" */;
			buildPhases = (
				7CCCFB8019685D9200DF3442 /* Sources */,
				7CCCFB8119685D9200DF3442 /* Frameworks */,
				7CCCFB8219685D9200DF3442 /* Resources */,
				7CA51DEC1AE3DBE0002E9F45 /* Embed App Extensions */,
			);
			buildRules = (
			);
			dependencies = (
				7CA51DE71AE3DBE0002E9F45 /* PBXTargetDependency */,
			);
			name = stash;
			productName = stash;
			productReference = 7CCCFB8419685D9200DF3442 /* stash.app */;
			productType = "com.apple.product-type.application";
		};
		7CCCFB9019685D9200DF3442 /* stashTests */ = {
			isa = PBXNativeTarget;
			buildConfigurationList = 7CCCFB9E19685D9200DF3442 /* Build configuration list for PBXNativeTarget "stashTests" */;
			buildPhases = (
				F17A9E1575F0518994FCD263 /* Check Pods Manifest.lock */,
				7CCCFB8D19685D9200DF3442 /* Sources */,
				7CCCFB8E19685D9200DF3442 /* Frameworks */,
				7CCCFB8F19685D9200DF3442 /* Resources */,
				F8A4AE7E6AFCF7F58676EA0F /* Copy Pods Resources */,
			);
			buildRules = (
			);
			dependencies = (
				7CCCFB9319685D9200DF3442 /* PBXTargetDependency */,
			);
			name = stashTests;
			productName = stashTests;
			productReference = 7CCCFB9119685D9200DF3442 /* stashTests.xctest */;
			productType = "com.apple.product-type.bundle.unit-test";
		};
/* End PBXNativeTarget section */

/* Begin PBXProject section */
		7CCCFB7C19685D9200DF3442 /* Project object */ = {
			isa = PBXProject;
			attributes = {
				LastUpgradeCheck = 0600;
				ORGANIZATIONNAME = "James Stidard";
				TargetAttributes = {
					7CA51DDD1AE3DBDF002E9F45 = {
						CreatedOnToolsVersion = 6.3;
						DevelopmentTeam = SS36WRA5R7;
						SystemCapabilities = {
							com.apple.ApplicationGroups.iOS = {
								enabled = 1;
							};
							com.apple.Keychain = {
								enabled = 1;
							};
						};
					};
					7CCCFB8319685D9200DF3442 = {
						CreatedOnToolsVersion = 6.0;
						DevelopmentTeam = SS36WRA5R7;
						SystemCapabilities = {
							com.apple.ApplicationGroups.iOS = {
								enabled = 1;
							};
							com.apple.Keychain = {
								enabled = 1;
							};
						};
					};
					7CCCFB9019685D9200DF3442 = {
						CreatedOnToolsVersion = 6.0;
						TestTargetID = 7CCCFB8319685D9200DF3442;
					};
				};
			};
			buildConfigurationList = 7CCCFB7F19685D9200DF3442 /* Build configuration list for PBXProject "stash" */;
			compatibilityVersion = "Xcode 3.2";
			developmentRegion = English;
			hasScannedForEncodings = 0;
			knownRegions = (
				en,
			);
			mainGroup = 7CCCFB7B19685D9200DF3442;
			productRefGroup = 7CCCFB8519685D9200DF3442 /* Products */;
			projectDirPath = "";
			projectRoot = "";
			targets = (
				7CCCFB8319685D9200DF3442 /* stash */,
				7CCCFB9019685D9200DF3442 /* stashTests */,
				7CA51DDD1AE3DBDF002E9F45 /* stashAction */,
			);
		};
/* End PBXProject section */

/* Begin PBXResourcesBuildPhase section */
		7CA51DDC1AE3DBDF002E9F45 /* Resources */ = {
			isa = PBXResourcesBuildPhase;
			buildActionMask = 2147483647;
			files = (
				7C8A5E681AE404A500F42EEC /* Action.js in Resources */,
				7CA51DF41AE3ED45002E9F45 /* Images.xcassets in Resources */,
				7CA51DE51AE3DBE0002E9F45 /* MainInterface.storyboard in Resources */,
			);
			runOnlyForDeploymentPostprocessing = 0;
		};
		7CCCFB8219685D9200DF3442 /* Resources */ = {
			isa = PBXResourcesBuildPhase;
			buildActionMask = 2147483647;
			files = (
				7CCCFB8C19685D9200DF3442 /* Images.xcassets in Resources */,
				7C49EB391A1146A500023BE0 /* Storyboard.storyboard in Resources */,
			);
			runOnlyForDeploymentPostprocessing = 0;
		};
		7CCCFB8F19685D9200DF3442 /* Resources */ = {
			isa = PBXResourcesBuildPhase;
			buildActionMask = 2147483647;
			files = (
				7C3182E81A8837C900DD5DE0 /* gcmEncryptExtIV256.rsp in Resources */,
				7C3F128A1A8885140066E453 /* gcmDecrypt256.rsp in Resources */,
			);
			runOnlyForDeploymentPostprocessing = 0;
		};
/* End PBXResourcesBuildPhase section */

/* Begin PBXShellScriptBuildPhase section */
		54DC1A4D4A54D55FE4DBA1A3 /* Copy Pods Resources */ = {
			isa = PBXShellScriptBuildPhase;
			buildActionMask = 2147483647;
			files = (
			);
			inputPaths = (
			);
			name = "Copy Pods Resources";
			outputPaths = (
			);
			runOnlyForDeploymentPostprocessing = 0;
			shellPath = /bin/sh;
			shellScript = "\"${SRCROOT}/Pods/Target Support Files/Pods/Pods-resources.sh\"\n";
			showEnvVarsInLog = 0;
		};
		7C5D7F817007B5248950514E /* Check Pods Manifest.lock */ = {
			isa = PBXShellScriptBuildPhase;
			buildActionMask = 2147483647;
			files = (
			);
			inputPaths = (
			);
			name = "Check Pods Manifest.lock";
			outputPaths = (
			);
			runOnlyForDeploymentPostprocessing = 0;
			shellPath = /bin/sh;
			shellScript = "diff \"${PODS_ROOT}/../Podfile.lock\" \"${PODS_ROOT}/Manifest.lock\" > /dev/null\nif [[ $? != 0 ]] ; then\n    cat << EOM\nerror: The sandbox is not in sync with the Podfile.lock. Run 'pod install' or update your CocoaPods installation.\nEOM\n    exit 1\nfi\n";
			showEnvVarsInLog = 0;
		};
		F17A9E1575F0518994FCD263 /* Check Pods Manifest.lock */ = {
			isa = PBXShellScriptBuildPhase;
			buildActionMask = 2147483647;
			files = (
			);
			inputPaths = (
			);
			name = "Check Pods Manifest.lock";
			outputPaths = (
			);
			runOnlyForDeploymentPostprocessing = 0;
			shellPath = /bin/sh;
			shellScript = "diff \"${PODS_ROOT}/../Podfile.lock\" \"${PODS_ROOT}/Manifest.lock\" > /dev/null\nif [[ $? != 0 ]] ; then\n    cat << EOM\nerror: The sandbox is not in sync with the Podfile.lock. Run 'pod install' or update your CocoaPods installation.\nEOM\n    exit 1\nfi\n";
			showEnvVarsInLog = 0;
		};
		F8A4AE7E6AFCF7F58676EA0F /* Copy Pods Resources */ = {
			isa = PBXShellScriptBuildPhase;
			buildActionMask = 2147483647;
			files = (
			);
			inputPaths = (
			);
			name = "Copy Pods Resources";
			outputPaths = (
			);
			runOnlyForDeploymentPostprocessing = 0;
			shellPath = /bin/sh;
			shellScript = "\"${SRCROOT}/Pods/Target Support Files/Pods/Pods-resources.sh\"\n";
			showEnvVarsInLog = 0;
		};
/* End PBXShellScriptBuildPhase section */

/* Begin PBXSourcesBuildPhase section */
		7CA51DDA1AE3DBDF002E9F45 /* Sources */ = {
			isa = PBXSourcesBuildPhase;
			buildActionMask = 2147483647;
			files = (
				7C5857B41AE42D82008442DE /* AesGcm.swift in Sources */,
				7C5857A01AE42D39008442DE /* SecureStoreAbstract.swift in Sources */,
				7CA51DE31AE3DBE0002E9F45 /* ActionViewController.swift in Sources */,
				7C5857A51AE42D42008442DE /* ServerMessage.swift in Sources */,
				7CA51DEF1AE3E8DC002E9F45 /* Stash.swift in Sources */,
				7C5857991AE42D06008442DE /* IdentityCreator.swift in Sources */,
				7C5857B21AE42D66008442DE /* StringBase64URL.swift in Sources */,
				7C5857A91AE42D45008442DE /* StringSqrlServerMessage.swift in Sources */,
				7C5857AE1AE42D51008442DE /* Sha512.swift in Sources */,
				7C58579D1AE42D1D008442DE /* NSDataSecureZero.swift in Sources */,
				7C4C96DB1AE9459900ED3722 /* ContextDriven.swift in Sources */,
				7C5857AF1AE42D52008442DE /* Scrypt.swift in Sources */,
				7C5857A71AE42D45008442DE /* NSURLSessionTaskSqrl.swift in Sources */,
				7C5857A31AE42D3C008442DE /* XORStoreKeychain.swift in Sources */,
				7C4C96DC1AE94B8100ED3722 /* SqrlLinkDataSource.swift in Sources */,
				7C5857971AE42CB8008442DE /* Sha256.swift in Sources */,
				7C5857A11AE42D3C008442DE /* XORStoreCreator.swift in Sources */,
				7C5857911AE42BCC008442DE /* Settings.swift in Sources */,
				7C8B0D591AE6CA7C008A8041 /* MBProgressHUDStash.swift in Sources */,
				7C5857AB1AE42D4C008442DE /* OptionalOperatorChaining.swift in Sources */,
				7C58579A1AE42D06008442DE /* IdentityHolderProtocol.swift in Sources */,
				7CA51DF01AE3E8FE002E9F45 /* Model.xcdatamodeld in Sources */,
				7C58578E1AE42BCC008442DE /* NSManagedObjectHelper.swift in Sources */,
				7C58578D1AE42BC4008442DE /* Identity.swift in Sources */,
				7C5857AC1AE42D51008442DE /* Ed25519.swift in Sources */,
				7C5857B31AE42D72008442DE /* NSDataBase64URL.swift in Sources */,
				7C5857AA1AE42D4C008442DE /* NSDataXOR.swift in Sources */,
				7C5857921AE42BCC008442DE /* XORStore.swift in Sources */,
				7C5857B11AE42D52008442DE /* EnHash.swift in Sources */,
				7C58578F1AE42BCC008442DE /* GCMStore.swift in Sources */,
				7C5857A61AE42D45008442DE /* NSURLSqrl.swift in Sources */,
				7C5857981AE42CD4008442DE /* SodiumUtilities.swift in Sources */,
				7C58579C1AE42D15008442DE /* NSStringRescueCode.swift in Sources */,
				7C5857B01AE42D52008442DE /* EnScrypt.swift in Sources */,
				7C5857A81AE42D45008442DE /* NSDataSqrlServerMessage.swift in Sources */,
				7C58579F1AE42D31008442DE /* GCMStoreCreator.swift in Sources */,
				7C5857A21AE42D3C008442DE /* XORStorePasswordManagement.swift in Sources */,
				7C58579B1AE42D06008442DE /* IdentityFetchedResultsController.swift in Sources */,
				7CEF44CD1AE544FE00B15CBF /* NSURLSessionSqrl.swift in Sources */,
				7C58579E1AE42D26008442DE /* BigNumberArithmetic.swift in Sources */,
				7C5857AD1AE42D51008442DE /* HmacSha256.swift in Sources */,
				7C5857A41AE42D3F008442DE /* SettingsCreator.swift in Sources */,
				7C5857901AE42BCC008442DE /* SecureStore.swift in Sources */,
			);
			runOnlyForDeploymentPostprocessing = 0;
		};
		7CCCFB8019685D9200DF3442 /* Sources */ = {
			isa = PBXSourcesBuildPhase;
			buildActionMask = 2147483647;
			files = (
				7C881DAC1A76E20B0017B785 /* Scrypt.swift in Sources */,
				7C5C1E3C1A755837009B92F7 /* QRScannerViewController.swift in Sources */,
				7C881DAE1A76E22D0017B785 /* EnScrypt.swift in Sources */,
				7C499BB11AB7B036005B2DD2 /* NSManagedObjectContextHelper.swift in Sources */,
				7C2B90301A2832DE009F0589 /* EntropyMachine.swift in Sources */,
				7CDD824B1ADFCF2600B85825 /* StringSqrlServerMessage.swift in Sources */,
				7C446C361AD82B7000201228 /* OpenSSLUtilities.swift in Sources */,
				7CF72AE31A891C2F0070D512 /* XORStoreCreator.swift in Sources */,
				7C881DA61A76E1880017B785 /* HmacSha256.swift in Sources */,
				7CB2855D1A8BC9970019A2EC /* XORStore.swift in Sources */,
				7CDD82471ADEBE7800B85825 /* NSDataSqrlServerMessage.swift in Sources */,
				7C277FA61ADE59D100F6863B /* StringBase64URL.swift in Sources */,
				7CEF30161A85D05700906534 /* NSStringRescueCode.swift in Sources */,
				7C8B0D561AE6B1B4008A8041 /* MBProgressHUDStash.swift in Sources */,
				7C881DA81A76E1B00017B785 /* Sha512.swift in Sources */,
				7CF72ABB1A88C2EA0070D512 /* EnHash.swift in Sources */,
				7C6C08741ADB171200AF344B /* NSURLSqrl.swift in Sources */,
				7C9336951A8B982D00D3E53B /* SecureStoreAbstract.swift in Sources */,
				7C3863221AE7EDF200CA822C /* CameraPreviewView.swift in Sources */,
				7CB285661A8BC9970019A2EC /* GCMStore.swift in Sources */,
				7CEF301E1A85E27600906534 /* NSDataSecureZero.swift in Sources */,
				7CA20BBE1A72DA290021B631 /* NSManagedObjectHelper.swift in Sources */,
				7C4C96D61AE9432100ED3722 /* IdentityCollectionViewController.swift in Sources */,
				7C1236811A8B491500758416 /* XORStorePasswordManagement.swift in Sources */,
				7C3420B01AD850A200338126 /* IdentityViewController.swift in Sources */,
				7C277F9E1ADC660700F6863B /* ContextDriven.swift in Sources */,
				7C2B902E1A282BA5009F0589 /* NSOperationQueueHelper.swift in Sources */,
				7C2AF2B51A72B4D300B48192 /* IdentityCreator.swift in Sources */,
				7CED8BB21A7AA64D004C4B56 /* NSDataXOR.swift in Sources */,
				7C2B902A1A281DD0009F0589 /* NSDataFromMultipleObjects.swift in Sources */,
				7C2B902C1A2829A3009F0589 /* NSOperationQueueSafeSetGet.swift in Sources */,
				7C3863251AE84FBB00CA822C /* UIAlertControllerHelper.swift in Sources */,
				7CB2855A1A8BC9960019A2EC /* Settings.swift in Sources */,
				7C957EC11AD96F4100E4E040 /* IdentityManagementTableViewController.swift in Sources */,
				7C3420C31AD8AA8100338126 /* OptionalOperatorChaining.swift in Sources */,
				7CB285631A8BC9970019A2EC /* SecureStore.swift in Sources */,
				7CA20BC31A73ED830021B631 /* IdentityGenerationViewController.swift in Sources */,
				7C4C96D31AE940AB00ED3722 /* IdentityCell.swift in Sources */,
				7C2B90281A280B84009F0589 /* AccelerometerHarvester.swift in Sources */,
				7CEF301C1A85D30300906534 /* BigNumberArithmetic.swift in Sources */,
				7CA20BC51A742E100021B631 /* RescueCodeViewController.swift in Sources */,
				7CCCFB8A19685D9200DF3442 /* AppDelegate.swift in Sources */,
				7CA1C9CE1A8730F600CC0A97 /* AesGcm.swift in Sources */,
				7C5C1E3E1A7558C9009B92F7 /* AuthenticationViewController.swift in Sources */,
				7C93BCB21AE2DEED005EC6CC /* ServerMessage.swift in Sources */,
				7CB285601A8BC9970019A2EC /* Identity.swift in Sources */,
				7C7D29EA1AE13A6E0023E4E8 /* SettingsCreator.swift in Sources */,
				7C5C1E401A755C52009B92F7 /* IdentitySelectorViewController.swift in Sources */,
				7C957EC31AD96FD100E4E040 /* IdentityFetchedResultsController.swift in Sources */,
				7C2B901D1A28035E009F0589 /* CoreMotionSingleton.swift in Sources */,
				7CA20BC01A72E1580021B631 /* Stash.swift in Sources */,
				7C881DA41A76E14F0017B785 /* Ed25519.swift in Sources */,
				7C6C08761ADB1CF700AF344B /* NSDataBase64URL.swift in Sources */,
				7C881DAA1A76E1E60017B785 /* SodiumUtilities.swift in Sources */,
				7C2AF2AA1A72AD1500B48192 /* Model.xcdatamodeld in Sources */,
				7C87AAA91A2834ED00DC3EC7 /* EntropyHarvester.swift in Sources */,
				7CF72ABD1A88C45E0070D512 /* Sha256.swift in Sources */,
				7CF72ADF1A890DED0070D512 /* GCMStoreCreator.swift in Sources */,
				7C277FA41ADD670B00F6863B /* NSURLSessionTaskSqrl.swift in Sources */,
				7CEF44CC1AE53B7000B15CBF /* NSURLSessionSqrl.swift in Sources */,
				7C4C96DA1AE9452000ED3722 /* SqrlLinkDataSource.swift in Sources */,
				7C2B90261A280B05009F0589 /* GyroHarvester.swift in Sources */,
				7C5C1E451A75AA93009B92F7 /* IdentityHolderProtocol.swift in Sources */,
				7C43F4EF1AE0FD1500E4AC51 /* XORStoreKeychain.swift in Sources */,
				7C3F12871A88666A0066E453 /* NSStringDataFromHex.swift in Sources */,
			);
			runOnlyForDeploymentPostprocessing = 0;
		};
		7CCCFB8D19685D9200DF3442 /* Sources */ = {
			isa = PBXSourcesBuildPhase;
			buildActionMask = 2147483647;
			files = (
				7C5A8D771A8B9B74004407C1 /* Scrypt.swift in Sources */,
				7C446C371AD82C9D00201228 /* OpenSSLUtilities.swift in Sources */,
				7C5A8D781A8B9B74004407C1 /* EnScrypt.swift in Sources */,
				7C93369F1A8B9A6E00D3E53B /* SecureStoreAbstract.swift in Sources */,
				7C93BCB31AE2F0BE005EC6CC /* ServerMessage.swift in Sources */,
				7CA20BCB1A7436B60021B631 /* StashSingletonTests.swift in Sources */,
				7CDD824D1ADFCFF900B85825 /* NSDataSqrlServerMessage.swift in Sources */,
				7CB2855B1A8BC9960019A2EC /* Settings.swift in Sources */,
				7C5A8D7B1A8B9BAE004407C1 /* NSDataSecureZero.swift in Sources */,
				7CA1C9CF1A874A5100CC0A97 /* AesGcm.swift in Sources */,
				7C5C1E471A75D511009B92F7 /* ScryptTests.swift in Sources */,
				7C3F12881A8867330066E453 /* NSStringDataFromHex.swift in Sources */,
				7C5A8D791A8B9B74004407C1 /* EnHash.swift in Sources */,
				7CAFACD71ADC24D700C077BC /* XORTests.swift in Sources */,
				7C7D29EB1AE13CCD0023E4E8 /* SettingsCreator.swift in Sources */,
				7C93369D1A8B9A6B00D3E53B /* IdentityCreator.swift in Sources */,
				7C87AAA51A28347200DC3EC7 /* NSDataFromMultipleObjects.swift in Sources */,
				7C5A8D761A8B9B74004407C1 /* Sha512.swift in Sources */,
				7C2B90231A2806E2009F0589 /* CoreMotionSingletonTests.swift in Sources */,
				7C57084E1A861EC20090EDB5 /* AESGCMTests.swift in Sources */,
				7C7A5D081A76F2500062515A /* EnScryptTests.swift in Sources */,
				7C93369E1A8B9A6B00D3E53B /* IdentityHolderProtocol.swift in Sources */,
				7C7D29E71AE133370023E4E8 /* XORStoreKeychain.swift in Sources */,
				7C277FA01ADC788800F6863B /* ContextDriven.swift in Sources */,
				7C5A8D7C1A8B9BAE004407C1 /* NSStringRescueCode.swift in Sources */,
				7CA20BCC1A7436ED0021B631 /* Stash.swift in Sources */,
				7CB2855E1A8BC9970019A2EC /* XORStore.swift in Sources */,
				7C87AAA21A28343400DC3EC7 /* EntropyMachine.swift in Sources */,
				7CB1ECD11A8BA9F700C57400 /* AppDelegate.swift in Sources */,
				7C5A8D731A8B9B74004407C1 /* Ed25519.swift in Sources */,
				7C87AAA71A28348200DC3EC7 /* AccelerometerHarvester.swift in Sources */,
				7C9336A11A8B9A7100D3E53B /* XORStorePasswordManagement.swift in Sources */,
				7C6535E81A29505A00ABA772 /* GyroHarvesterTests.swift in Sources */,
				7C5A8D721A8B9B74004407C1 /* SodiumUtilities.swift in Sources */,
				7CDD82491ADECDB700B85825 /* StringBase64URL.swift in Sources */,
				7C87AAA61A28347F00DC3EC7 /* GyroHarvester.swift in Sources */,
				7C9336A01A8B9A7100D3E53B /* XORStoreCreator.swift in Sources */,
				7CB285641A8BC9970019A2EC /* SecureStore.swift in Sources */,
				7CA595191A297EE60047015A /* AccelerometerHarvesterTests.swift in Sources */,
				7CA20BD41A7448130021B631 /* EntropyMachineTests.swift in Sources */,
				7CDD82481ADECDB500B85825 /* NSDataBase64URL.swift in Sources */,
				7C5A8D7A1A8B9BA9004407C1 /* BigNumberArithmetic.swift in Sources */,
				7CAFACD51ADC231D00C077BC /* CoreDataTestCase.swift in Sources */,
				7C87AAA41A28346F00DC3EC7 /* NSOperationQueueSafeSetGet.swift in Sources */,
				7CB285581A8BC4340019A2EC /* NSManagedObjectHelper.swift in Sources */,
				7C3420C41AD8AA8100338126 /* OptionalOperatorChaining.swift in Sources */,
				7CB1ECD21A8BAABD00C57400 /* Model.xcdatamodeld in Sources */,
				7CDD824C1ADFCFD500B85825 /* StringSqrlServerMessage.swift in Sources */,
				7C5A8D751A8B9B74004407C1 /* Sha256.swift in Sources */,
				7CB285611A8BC9970019A2EC /* Identity.swift in Sources */,
				7CB285671A8BC9970019A2EC /* GCMStore.swift in Sources */,
				7CED8BB41A7AACE5004C4B56 /* NSDataXOR.swift in Sources */,
				7C87AAA31A28345000DC3EC7 /* NSOperationQueueHelper.swift in Sources */,
				7C9336A21A8B9A7400D3E53B /* GCMStoreCreator.swift in Sources */,
				7CDD82431ADEBB5400B85825 /* NSURLSessionTaskSqrl.swift in Sources */,
				7CDD82441ADEBB5600B85825 /* NSURLSqrl.swift in Sources */,
				7C2B90241A280760009F0589 /* CoreMotionSingleton.swift in Sources */,
				7C5A8D741A8B9B74004407C1 /* HmacSha256.swift in Sources */,
				7C87AAAA1A2834F700DC3EC7 /* EntropyHarvester.swift in Sources */,
			);
			runOnlyForDeploymentPostprocessing = 0;
		};
/* End PBXSourcesBuildPhase section */

/* Begin PBXTargetDependency section */
		7CA51DE71AE3DBE0002E9F45 /* PBXTargetDependency */ = {
			isa = PBXTargetDependency;
			target = 7CA51DDD1AE3DBDF002E9F45 /* stashAction */;
			targetProxy = 7CA51DE61AE3DBE0002E9F45 /* PBXContainerItemProxy */;
		};
		7CCCFB9319685D9200DF3442 /* PBXTargetDependency */ = {
			isa = PBXTargetDependency;
			target = 7CCCFB8319685D9200DF3442 /* stash */;
			targetProxy = 7CCCFB9219685D9200DF3442 /* PBXContainerItemProxy */;
		};
/* End PBXTargetDependency section */

/* Begin XCBuildConfiguration section */
		7CA51DE91AE3DBE0002E9F45 /* Debug */ = {
			isa = XCBuildConfiguration;
			baseConfigurationReference = 7B0CFA08E5E4B2C2AAFB0FA7 /* Pods.debug.xcconfig */;
			buildSettings = {
				ASSETCATALOG_COMPILER_APPICON_NAME = AppIcon;
				ASSETCATALOG_COMPILER_LAUNCHIMAGE_NAME = LaunchImage;
				CLANG_ENABLE_MODULES = YES;
				CODE_SIGN_ENTITLEMENTS = stashAction/stashAction.entitlements;
				CODE_SIGN_IDENTITY = "iPhone Developer";
				"CODE_SIGN_IDENTITY[sdk=iphoneos*]" = "iPhone Developer";
				DEBUG_INFORMATION_FORMAT = "dwarf-with-dsym";
				GCC_NO_COMMON_BLOCKS = YES;
				GCC_PREPROCESSOR_DEFINITIONS = (
					"DEBUG=1",
					"$(inherited)",
				);
				INFOPLIST_FILE = stashAction/Info.plist;
				IPHONEOS_DEPLOYMENT_TARGET = 8.3;
				LD_RUNPATH_SEARCH_PATHS = "$(inherited) @executable_path/Frameworks @executable_path/../../Frameworks";
				MTL_ENABLE_DEBUG_INFO = YES;
				PRODUCT_NAME = "$(TARGET_NAME)";
				PROVISIONING_PROFILE = "";
				SKIP_INSTALL = YES;
				SWIFT_OBJC_BRIDGING_HEADER = "stashAction/stashAction-Bridging-Header.h";
				SWIFT_OPTIMIZATION_LEVEL = "-Onone";
			};
			name = Debug;
		};
		7CA51DEA1AE3DBE0002E9F45 /* Release */ = {
			isa = XCBuildConfiguration;
			baseConfigurationReference = E74BAC5D4020597919028F4D /* Pods.release.xcconfig */;
			buildSettings = {
				ASSETCATALOG_COMPILER_APPICON_NAME = AppIcon;
				ASSETCATALOG_COMPILER_LAUNCHIMAGE_NAME = LaunchImage;
				CLANG_ENABLE_MODULES = YES;
				CODE_SIGN_ENTITLEMENTS = stashAction/stashAction.entitlements;
				CODE_SIGN_IDENTITY = "iPhone Developer";
				"CODE_SIGN_IDENTITY[sdk=iphoneos*]" = "iPhone Developer";
				COPY_PHASE_STRIP = NO;
				DEBUG_INFORMATION_FORMAT = "dwarf-with-dsym";
				GCC_NO_COMMON_BLOCKS = YES;
				INFOPLIST_FILE = stashAction/Info.plist;
				IPHONEOS_DEPLOYMENT_TARGET = 8.3;
				LD_RUNPATH_SEARCH_PATHS = "$(inherited) @executable_path/Frameworks @executable_path/../../Frameworks";
				MTL_ENABLE_DEBUG_INFO = NO;
				PRODUCT_NAME = "$(TARGET_NAME)";
				PROVISIONING_PROFILE = "";
				SKIP_INSTALL = YES;
				SWIFT_OBJC_BRIDGING_HEADER = "stashAction/stashAction-Bridging-Header.h";
			};
			name = Release;
		};
		7CCCFB9919685D9200DF3442 /* Debug */ = {
			isa = XCBuildConfiguration;
			baseConfigurationReference = 7B0CFA08E5E4B2C2AAFB0FA7 /* Pods.debug.xcconfig */;
			buildSettings = {
				ALWAYS_SEARCH_USER_PATHS = NO;
				CLANG_CXX_LANGUAGE_STANDARD = "gnu++0x";
				CLANG_CXX_LIBRARY = "libc++";
				CLANG_ENABLE_MODULES = YES;
				CLANG_ENABLE_OBJC_ARC = YES;
				CLANG_WARN_BOOL_CONVERSION = YES;
				CLANG_WARN_CONSTANT_CONVERSION = YES;
				CLANG_WARN_DIRECT_OBJC_ISA_USAGE = YES_ERROR;
				CLANG_WARN_EMPTY_BODY = YES;
				CLANG_WARN_ENUM_CONVERSION = YES;
				CLANG_WARN_INT_CONVERSION = YES;
				CLANG_WARN_OBJC_ROOT_CLASS = YES_ERROR;
				CLANG_WARN_UNREACHABLE_CODE = YES;
				CLANG_WARN__DUPLICATE_METHOD_MATCH = YES;
				"CODE_SIGN_IDENTITY[sdk=iphoneos*]" = "iPhone Developer";
				COPY_PHASE_STRIP = NO;
				ENABLE_STRICT_OBJC_MSGSEND = YES;
				GCC_C_LANGUAGE_STANDARD = gnu99;
				GCC_DYNAMIC_NO_PIC = NO;
				GCC_OPTIMIZATION_LEVEL = 0;
				GCC_PREPROCESSOR_DEFINITIONS = (
					"DEBUG=1",
					"$(inherited)",
				);
				GCC_SYMBOLS_PRIVATE_EXTERN = NO;
				GCC_WARN_64_TO_32_BIT_CONVERSION = YES;
				GCC_WARN_ABOUT_RETURN_TYPE = YES_ERROR;
				GCC_WARN_UNDECLARED_SELECTOR = YES;
				GCC_WARN_UNINITIALIZED_AUTOS = YES_AGGRESSIVE;
				GCC_WARN_UNUSED_FUNCTION = YES;
				GCC_WARN_UNUSED_VARIABLE = YES;
				IPHONEOS_DEPLOYMENT_TARGET = 8.0;
				METAL_ENABLE_DEBUG_INFO = YES;
				ONLY_ACTIVE_ARCH = YES;
				SDKROOT = iphoneos;
				SWIFT_OPTIMIZATION_LEVEL = "-Onone";
				TARGETED_DEVICE_FAMILY = "1,2";
			};
			name = Debug;
		};
		7CCCFB9A19685D9200DF3442 /* Release */ = {
			isa = XCBuildConfiguration;
			baseConfigurationReference = E74BAC5D4020597919028F4D /* Pods.release.xcconfig */;
			buildSettings = {
				ALWAYS_SEARCH_USER_PATHS = NO;
				CLANG_CXX_LANGUAGE_STANDARD = "gnu++0x";
				CLANG_CXX_LIBRARY = "libc++";
				CLANG_ENABLE_MODULES = YES;
				CLANG_ENABLE_OBJC_ARC = YES;
				CLANG_WARN_BOOL_CONVERSION = YES;
				CLANG_WARN_CONSTANT_CONVERSION = YES;
				CLANG_WARN_DIRECT_OBJC_ISA_USAGE = YES_ERROR;
				CLANG_WARN_EMPTY_BODY = YES;
				CLANG_WARN_ENUM_CONVERSION = YES;
				CLANG_WARN_INT_CONVERSION = YES;
				CLANG_WARN_OBJC_ROOT_CLASS = YES_ERROR;
				CLANG_WARN_UNREACHABLE_CODE = YES;
				CLANG_WARN__DUPLICATE_METHOD_MATCH = YES;
				"CODE_SIGN_IDENTITY[sdk=iphoneos*]" = "iPhone Developer";
				COPY_PHASE_STRIP = YES;
				ENABLE_NS_ASSERTIONS = NO;
				ENABLE_STRICT_OBJC_MSGSEND = YES;
				GCC_C_LANGUAGE_STANDARD = gnu99;
				GCC_WARN_64_TO_32_BIT_CONVERSION = YES;
				GCC_WARN_ABOUT_RETURN_TYPE = YES_ERROR;
				GCC_WARN_UNDECLARED_SELECTOR = YES;
				GCC_WARN_UNINITIALIZED_AUTOS = YES_AGGRESSIVE;
				GCC_WARN_UNUSED_FUNCTION = YES;
				GCC_WARN_UNUSED_VARIABLE = YES;
				IPHONEOS_DEPLOYMENT_TARGET = 8.0;
				METAL_ENABLE_DEBUG_INFO = NO;
				SDKROOT = iphoneos;
				TARGETED_DEVICE_FAMILY = "1,2";
				VALIDATE_PRODUCT = YES;
			};
			name = Release;
		};
		7CCCFB9C19685D9200DF3442 /* Debug */ = {
			isa = XCBuildConfiguration;
			baseConfigurationReference = 7B0CFA08E5E4B2C2AAFB0FA7 /* Pods.debug.xcconfig */;
			buildSettings = {
				ASSETCATALOG_COMPILER_APPICON_NAME = AppIcon;
				ASSETCATALOG_COMPILER_LAUNCHIMAGE_NAME = LaunchImage;
				CODE_SIGN_ENTITLEMENTS = stash/stash.entitlements;
				CODE_SIGN_IDENTITY = "iPhone Developer";
				"CODE_SIGN_IDENTITY[sdk=iphoneos*]" = "iPhone Developer";
				INFOPLIST_FILE = stash/Info.plist;
				LD_RUNPATH_SEARCH_PATHS = "$(inherited) @executable_path/Frameworks";
				PRODUCT_NAME = "$(TARGET_NAME)";
				PROVISIONING_PROFILE = "";
				SWIFT_OBJC_BRIDGING_HEADER = "stash/stash-bridging-header.h";
			};
			name = Debug;
		};
		7CCCFB9D19685D9200DF3442 /* Release */ = {
			isa = XCBuildConfiguration;
			baseConfigurationReference = E74BAC5D4020597919028F4D /* Pods.release.xcconfig */;
			buildSettings = {
				ASSETCATALOG_COMPILER_APPICON_NAME = AppIcon;
				ASSETCATALOG_COMPILER_LAUNCHIMAGE_NAME = LaunchImage;
				CODE_SIGN_ENTITLEMENTS = stash/stash.entitlements;
				CODE_SIGN_IDENTITY = "iPhone Developer";
				"CODE_SIGN_IDENTITY[sdk=iphoneos*]" = "iPhone Developer";
				INFOPLIST_FILE = stash/Info.plist;
				LD_RUNPATH_SEARCH_PATHS = "$(inherited) @executable_path/Frameworks";
				PRODUCT_NAME = "$(TARGET_NAME)";
				PROVISIONING_PROFILE = "";
				SWIFT_OBJC_BRIDGING_HEADER = "stash/stash-bridging-header.h";
			};
			name = Release;
		};
		7CCCFB9F19685D9200DF3442 /* Debug */ = {
			isa = XCBuildConfiguration;
			baseConfigurationReference = 7B0CFA08E5E4B2C2AAFB0FA7 /* Pods.debug.xcconfig */;
			buildSettings = {
				BUNDLE_LOADER = "$(BUILT_PRODUCTS_DIR)/stash.app/stash";
				FRAMEWORK_SEARCH_PATHS = (
					"$(SDKROOT)/Developer/Library/Frameworks",
					"$(inherited)",
				);
				GCC_PREPROCESSOR_DEFINITIONS = (
					"DEBUG=1",
					"$(inherited)",
				);
				INFOPLIST_FILE = stashTests/Info.plist;
				LD_RUNPATH_SEARCH_PATHS = "$(inherited) @executable_path/Frameworks @loader_path/Frameworks";
				METAL_ENABLE_DEBUG_INFO = YES;
				PRODUCT_NAME = "$(TARGET_NAME)";
				SWIFT_OBJC_BRIDGING_HEADER = "stash/stash-bridging-header.h";
				TEST_HOST = "$(BUNDLE_LOADER)";
			};
			name = Debug;
		};
		7CCCFBA019685D9200DF3442 /* Release */ = {
			isa = XCBuildConfiguration;
			baseConfigurationReference = E74BAC5D4020597919028F4D /* Pods.release.xcconfig */;
			buildSettings = {
				BUNDLE_LOADER = "$(BUILT_PRODUCTS_DIR)/stash.app/stash";
				FRAMEWORK_SEARCH_PATHS = (
					"$(SDKROOT)/Developer/Library/Frameworks",
					"$(inherited)",
				);
				INFOPLIST_FILE = stashTests/Info.plist;
				LD_RUNPATH_SEARCH_PATHS = "$(inherited) @executable_path/Frameworks @loader_path/Frameworks";
				METAL_ENABLE_DEBUG_INFO = NO;
				PRODUCT_NAME = "$(TARGET_NAME)";
				SWIFT_OBJC_BRIDGING_HEADER = "stash/stash-bridging-header.h";
				TEST_HOST = "$(BUNDLE_LOADER)";
			};
			name = Release;
		};
/* End XCBuildConfiguration section */

/* Begin XCConfigurationList section */
		7CA51DEB1AE3DBE0002E9F45 /* Build configuration list for PBXNativeTarget "stashAction" */ = {
			isa = XCConfigurationList;
			buildConfigurations = (
				7CA51DE91AE3DBE0002E9F45 /* Debug */,
				7CA51DEA1AE3DBE0002E9F45 /* Release */,
			);
			defaultConfigurationIsVisible = 0;
			defaultConfigurationName = Release;
		};
		7CCCFB7F19685D9200DF3442 /* Build configuration list for PBXProject "stash" */ = {
			isa = XCConfigurationList;
			buildConfigurations = (
				7CCCFB9919685D9200DF3442 /* Debug */,
				7CCCFB9A19685D9200DF3442 /* Release */,
			);
			defaultConfigurationIsVisible = 0;
			defaultConfigurationName = Release;
		};
		7CCCFB9B19685D9200DF3442 /* Build configuration list for PBXNativeTarget "stash" */ = {
			isa = XCConfigurationList;
			buildConfigurations = (
				7CCCFB9C19685D9200DF3442 /* Debug */,
				7CCCFB9D19685D9200DF3442 /* Release */,
			);
			defaultConfigurationIsVisible = 0;
			defaultConfigurationName = Release;
		};
		7CCCFB9E19685D9200DF3442 /* Build configuration list for PBXNativeTarget "stashTests" */ = {
			isa = XCConfigurationList;
			buildConfigurations = (
				7CCCFB9F19685D9200DF3442 /* Debug */,
				7CCCFBA019685D9200DF3442 /* Release */,
			);
			defaultConfigurationIsVisible = 0;
			defaultConfigurationName = Release;
		};
/* End XCConfigurationList section */

/* Begin XCVersionGroup section */
		7C2AF2A81A72AD1500B48192 /* Model.xcdatamodeld */ = {
			isa = XCVersionGroup;
			children = (
				7C2AF2A91A72AD1500B48192 /* Model.xcdatamodel */,
			);
			currentVersion = 7C2AF2A91A72AD1500B48192 /* Model.xcdatamodel */;
			path = Model.xcdatamodeld;
			sourceTree = "<group>";
			versionGroupType = wrapper.xcdatamodel;
		};
/* End XCVersionGroup section */
	};
	rootObject = 7CCCFB7C19685D9200DF3442 /* Project object */;
}
